// !$*UTF8*$!
{
	archiveVersion = 1;
	classes = {
	};
	objectVersion = 46;
	objects = {

/* Begin PBXBuildFile section */
		09C89BE9159BFDDE00C9EFB2 /* mo_audio.mm in Sources */ = {isa = PBXBuildFile; fileRef = 09C89BE7159BFDDE00C9EFB2 /* mo_audio.mm */; };
		09C89BEC159BFEC300C9EFB2 /* MMAudio.mm in Sources */ = {isa = PBXBuildFile; fileRef = 09C89BEB159BFEC300C9EFB2 /* MMAudio.mm */; };
		09C89BF0159BFFF600C9EFB2 /* AudioToolbox.framework in Frameworks */ = {isa = PBXBuildFile; fileRef = 09C89BED159BFFF500C9EFB2 /* AudioToolbox.framework */; };
		09C89BF2159BFFF600C9EFB2 /* CoreAudio.framework in Frameworks */ = {isa = PBXBuildFile; fileRef = 09C89BEF159BFFF500C9EFB2 /* CoreAudio.framework */; };
		4D8DAE3F1592D1C400A6B60C /* UIKit.framework in Frameworks */ = {isa = PBXBuildFile; fileRef = 4D8DAE3E1592D1C400A6B60C /* UIKit.framework */; };
		4D8DAE411592D1C400A6B60C /* Foundation.framework in Frameworks */ = {isa = PBXBuildFile; fileRef = 4D8DAE401592D1C400A6B60C /* Foundation.framework */; };
		4D8DAE431592D1C400A6B60C /* CoreGraphics.framework in Frameworks */ = {isa = PBXBuildFile; fileRef = 4D8DAE421592D1C400A6B60C /* CoreGraphics.framework */; };
		4D8DAE451592D1C400A6B60C /* GLKit.framework in Frameworks */ = {isa = PBXBuildFile; fileRef = 4D8DAE441592D1C400A6B60C /* GLKit.framework */; };
		4D8DAE471592D1C400A6B60C /* OpenGLES.framework in Frameworks */ = {isa = PBXBuildFile; fileRef = 4D8DAE461592D1C400A6B60C /* OpenGLES.framework */; };
		4D8DAE4D1592D1C400A6B60C /* InfoPlist.strings in Resources */ = {isa = PBXBuildFile; fileRef = 4D8DAE4B1592D1C400A6B60C /* InfoPlist.strings */; };
		4D8DAE4F1592D1C400A6B60C /* main.m in Sources */ = {isa = PBXBuildFile; fileRef = 4D8DAE4E1592D1C400A6B60C /* main.m */; };
		4D8DAE531592D1C400A6B60C /* AppDelegate.mm in Sources */ = {isa = PBXBuildFile; fileRef = 4D8DAE521592D1C400A6B60C /* AppDelegate.mm */; };
		4D8DAE5A1592D1C400A6B60C /* ViewController.mm in Sources */ = {isa = PBXBuildFile; fileRef = 4D8DAE591592D1C400A6B60C /* ViewController.mm */; };
		4D8DAE5D1592D1C400A6B60C /* ViewController_iPhone.xib in Resources */ = {isa = PBXBuildFile; fileRef = 4D8DAE5B1592D1C400A6B60C /* ViewController_iPhone.xib */; };
		4D8DAE601592D1C400A6B60C /* ViewController_iPad.xib in Resources */ = {isa = PBXBuildFile; fileRef = 4D8DAE5E1592D1C400A6B60C /* ViewController_iPad.xib */; };
/* End PBXBuildFile section */

/* Begin PBXFileReference section */
		09C89BE6159BFDDE00C9EFB2 /* mo_audio.h */ = {isa = PBXFileReference; fileEncoding = 4; lastKnownFileType = sourcecode.c.h; path = mo_audio.h; sourceTree = "<group>"; };
		09C89BE7159BFDDE00C9EFB2 /* mo_audio.mm */ = {isa = PBXFileReference; fileEncoding = 4; lastKnownFileType = sourcecode.cpp.objcpp; path = mo_audio.mm; sourceTree = "<group>"; };
		09C89BE8159BFDDE00C9EFB2 /* mo_def.h */ = {isa = PBXFileReference; fileEncoding = 4; lastKnownFileType = sourcecode.c.h; path = mo_def.h; sourceTree = "<group>"; };
		09C89BEA159BFEC300C9EFB2 /* MMAudio.h */ = {isa = PBXFileReference; fileEncoding = 4; lastKnownFileType = sourcecode.c.h; path = MMAudio.h; sourceTree = "<group>"; };
		09C89BEB159BFEC300C9EFB2 /* MMAudio.mm */ = {isa = PBXFileReference; fileEncoding = 4; lastKnownFileType = sourcecode.cpp.objcpp; path = MMAudio.mm; sourceTree = "<group>"; };
		09C89BED159BFFF500C9EFB2 /* AudioToolbox.framework */ = {isa = PBXFileReference; lastKnownFileType = wrapper.framework; name = AudioToolbox.framework; path = System/Library/Frameworks/AudioToolbox.framework; sourceTree = SDKROOT; };
		09C89BEF159BFFF500C9EFB2 /* CoreAudio.framework */ = {isa = PBXFileReference; lastKnownFileType = wrapper.framework; name = CoreAudio.framework; path = System/Library/Frameworks/CoreAudio.framework; sourceTree = SDKROOT; };
		4D8DAE3A1592D1C400A6B60C /* MobileMusic.app */ = {isa = PBXFileReference; explicitFileType = wrapper.application; includeInIndex = 0; path = MobileMusic.app; sourceTree = BUILT_PRODUCTS_DIR; };
		4D8DAE3E1592D1C400A6B60C /* UIKit.framework */ = {isa = PBXFileReference; lastKnownFileType = wrapper.framework; name = UIKit.framework; path = System/Library/Frameworks/UIKit.framework; sourceTree = SDKROOT; };
		4D8DAE401592D1C400A6B60C /* Foundation.framework */ = {isa = PBXFileReference; lastKnownFileType = wrapper.framework; name = Foundation.framework; path = System/Library/Frameworks/Foundation.framework; sourceTree = SDKROOT; };
		4D8DAE421592D1C400A6B60C /* CoreGraphics.framework */ = {isa = PBXFileReference; lastKnownFileType = wrapper.framework; name = CoreGraphics.framework; path = System/Library/Frameworks/CoreGraphics.framework; sourceTree = SDKROOT; };
		4D8DAE441592D1C400A6B60C /* GLKit.framework */ = {isa = PBXFileReference; lastKnownFileType = wrapper.framework; name = GLKit.framework; path = System/Library/Frameworks/GLKit.framework; sourceTree = SDKROOT; };
		4D8DAE461592D1C400A6B60C /* OpenGLES.framework */ = {isa = PBXFileReference; lastKnownFileType = wrapper.framework; name = OpenGLES.framework; path = System/Library/Frameworks/OpenGLES.framework; sourceTree = SDKROOT; };
		4D8DAE4A1592D1C400A6B60C /* MobileMusic-Info.plist */ = {isa = PBXFileReference; lastKnownFileType = text.plist.xml; path = "MobileMusic-Info.plist"; sourceTree = "<group>"; };
		4D8DAE4C1592D1C400A6B60C /* en */ = {isa = PBXFileReference; lastKnownFileType = text.plist.strings; name = en; path = en.lproj/InfoPlist.strings; sourceTree = "<group>"; };
		4D8DAE4E1592D1C400A6B60C /* main.m */ = {isa = PBXFileReference; lastKnownFileType = sourcecode.c.objc; path = main.m; sourceTree = "<group>"; };
		4D8DAE501592D1C400A6B60C /* MobileMusic-Prefix.pch */ = {isa = PBXFileReference; lastKnownFileType = sourcecode.c.h; path = "MobileMusic-Prefix.pch"; sourceTree = "<group>"; };
		4D8DAE511592D1C400A6B60C /* AppDelegate.h */ = {isa = PBXFileReference; lastKnownFileType = sourcecode.c.h; path = AppDelegate.h; sourceTree = "<group>"; };
		4D8DAE521592D1C400A6B60C /* AppDelegate.mm */ = {isa = PBXFileReference; lastKnownFileType = sourcecode.cpp.objcpp; path = AppDelegate.mm; sourceTree = "<group>"; };
		4D8DAE581592D1C400A6B60C /* ViewController.h */ = {isa = PBXFileReference; lastKnownFileType = sourcecode.c.h; path = ViewController.h; sourceTree = "<group>"; };
		4D8DAE591592D1C400A6B60C /* ViewController.mm */ = {isa = PBXFileReference; lastKnownFileType = sourcecode.cpp.objcpp; path = ViewController.mm; sourceTree = "<group>"; };
		4D8DAE5C1592D1C400A6B60C /* en */ = {isa = PBXFileReference; lastKnownFileType = file.xib; name = en; path = en.lproj/ViewController_iPhone.xib; sourceTree = "<group>"; };
		4D8DAE5F1592D1C400A6B60C /* en */ = {isa = PBXFileReference; lastKnownFileType = file.xib; name = en; path = en.lproj/ViewController_iPad.xib; sourceTree = "<group>"; };
/* End PBXFileReference section */

/* Begin PBXFrameworksBuildPhase section */
		4D8DAE371592D1C400A6B60C /* Frameworks */ = {
			isa = PBXFrameworksBuildPhase;
			buildActionMask = 2147483647;
			files = (
				09C89BF0159BFFF600C9EFB2 /* AudioToolbox.framework in Frameworks */,
				09C89BF2159BFFF600C9EFB2 /* CoreAudio.framework in Frameworks */,
				4D8DAE3F1592D1C400A6B60C /* UIKit.framework in Frameworks */,
				4D8DAE411592D1C400A6B60C /* Foundation.framework in Frameworks */,
				4D8DAE431592D1C400A6B60C /* CoreGraphics.framework in Frameworks */,
				4D8DAE451592D1C400A6B60C /* GLKit.framework in Frameworks */,
				4D8DAE471592D1C400A6B60C /* OpenGLES.framework in Frameworks */,
			);
			runOnlyForDeploymentPostprocessing = 0;
		};
/* End PBXFrameworksBuildPhase section */

/* Begin PBXGroup section */
		09C89BE5159BFDBD00C9EFB2 /* momu */ = {
			isa = PBXGroup;
			children = (
				09C89BE6159BFDDE00C9EFB2 /* mo_audio.h */,
				09C89BE7159BFDDE00C9EFB2 /* mo_audio.mm */,
				09C89BE8159BFDDE00C9EFB2 /* mo_def.h */,
			);
			path = momu;
			sourceTree = "<group>";
		};
		4D8DAE2F1592D1C400A6B60C = {
			isa = PBXGroup;
			children = (
				4D8DAE481592D1C400A6B60C /* MobileMusic */,
				4D8DAE3D1592D1C400A6B60C /* Frameworks */,
				4D8DAE3B1592D1C400A6B60C /* Products */,
			);
			sourceTree = "<group>";
		};
		4D8DAE3B1592D1C400A6B60C /* Products */ = {
			isa = PBXGroup;
			children = (
				4D8DAE3A1592D1C400A6B60C /* MobileMusic.app */,
			);
			name = Products;
			sourceTree = "<group>";
		};
		4D8DAE3D1592D1C400A6B60C /* Frameworks */ = {
			isa = PBXGroup;
			children = (
				09C89BED159BFFF500C9EFB2 /* AudioToolbox.framework */,
				09C89BEF159BFFF500C9EFB2 /* CoreAudio.framework */,
				4D8DAE3E1592D1C400A6B60C /* UIKit.framework */,
				4D8DAE401592D1C400A6B60C /* Foundation.framework */,
				4D8DAE421592D1C400A6B60C /* CoreGraphics.framework */,
				4D8DAE441592D1C400A6B60C /* GLKit.framework */,
				4D8DAE461592D1C400A6B60C /* OpenGLES.framework */,
			);
			name = Frameworks;
			sourceTree = "<group>";
		};
		4D8DAE481592D1C400A6B60C /* MobileMusic */ = {
			isa = PBXGroup;
			children = (
				09C89BE5159BFDBD00C9EFB2 /* momu */,
				4D8DAE511592D1C400A6B60C /* AppDelegate.h */,
				4D8DAE521592D1C400A6B60C /* AppDelegate.mm */,
				4D8DAE581592D1C400A6B60C /* ViewController.h */,
				4D8DAE591592D1C400A6B60C /* ViewController.mm */,
				4D8DAE5B1592D1C400A6B60C /* ViewController_iPhone.xib */,
				4D8DAE5E1592D1C400A6B60C /* ViewController_iPad.xib */,
				4D8DAE491592D1C400A6B60C /* Supporting Files */,
				09C89BEA159BFEC300C9EFB2 /* MMAudio.h */,
				09C89BEB159BFEC300C9EFB2 /* MMAudio.mm */,
			);
			path = MobileMusic;
			sourceTree = "<group>";
		};
		4D8DAE491592D1C400A6B60C /* Supporting Files */ = {
			isa = PBXGroup;
			children = (
				4D8DAE4A1592D1C400A6B60C /* MobileMusic-Info.plist */,
				4D8DAE4B1592D1C400A6B60C /* InfoPlist.strings */,
				4D8DAE4E1592D1C400A6B60C /* main.m */,
				4D8DAE501592D1C400A6B60C /* MobileMusic-Prefix.pch */,
			);
			name = "Supporting Files";
			sourceTree = "<group>";
		};
/* End PBXGroup section */

/* Begin PBXNativeTarget section */
		4D8DAE391592D1C400A6B60C /* MobileMusic */ = {
			isa = PBXNativeTarget;
			buildConfigurationList = 4D8DAE631592D1C400A6B60C /* Build configuration list for PBXNativeTarget "MobileMusic" */;
			buildPhases = (
				4D8DAE361592D1C400A6B60C /* Sources */,
				4D8DAE371592D1C400A6B60C /* Frameworks */,
				4D8DAE381592D1C400A6B60C /* Resources */,
			);
			buildRules = (
			);
			dependencies = (
			);
			name = MobileMusic;
			productName = MobileMusic;
			productReference = 4D8DAE3A1592D1C400A6B60C /* MobileMusic.app */;
			productType = "com.apple.product-type.application";
		};
/* End PBXNativeTarget section */

/* Begin PBXProject section */
		4D8DAE311592D1C400A6B60C /* Project object */ = {
			isa = PBXProject;
			attributes = {
				LastUpgradeCheck = 0430;
			};
			buildConfigurationList = 4D8DAE341592D1C400A6B60C /* Build configuration list for PBXProject "MobileMusic" */;
			compatibilityVersion = "Xcode 3.2";
			developmentRegion = English;
			hasScannedForEncodings = 0;
			knownRegions = (
				en,
			);
			mainGroup = 4D8DAE2F1592D1C400A6B60C;
			productRefGroup = 4D8DAE3B1592D1C400A6B60C /* Products */;
			projectDirPath = "";
			projectRoot = "";
			targets = (
				4D8DAE391592D1C400A6B60C /* MobileMusic */,
			);
		};
/* End PBXProject section */

/* Begin PBXResourcesBuildPhase section */
		4D8DAE381592D1C400A6B60C /* Resources */ = {
			isa = PBXResourcesBuildPhase;
			buildActionMask = 2147483647;
			files = (
				4D8DAE4D1592D1C400A6B60C /* InfoPlist.strings in Resources */,
				4D8DAE5D1592D1C400A6B60C /* ViewController_iPhone.xib in Resources */,
				4D8DAE601592D1C400A6B60C /* ViewController_iPad.xib in Resources */,
			);
			runOnlyForDeploymentPostprocessing = 0;
		};
/* End PBXResourcesBuildPhase section */

/* Begin PBXSourcesBuildPhase section */
		4D8DAE361592D1C400A6B60C /* Sources */ = {
			isa = PBXSourcesBuildPhase;
			buildActionMask = 2147483647;
			files = (
				4D8DAE4F1592D1C400A6B60C /* main.m in Sources */,
				4D8DAE531592D1C400A6B60C /* AppDelegate.mm in Sources */,
				4D8DAE5A1592D1C400A6B60C /* ViewController.mm in Sources */,
				09C89BE9159BFDDE00C9EFB2 /* mo_audio.mm in Sources */,
				09C89BEC159BFEC300C9EFB2 /* MMAudio.mm in Sources */,
			);
			runOnlyForDeploymentPostprocessing = 0;
		};
/* End PBXSourcesBuildPhase section */

/* Begin PBXVariantGroup section */
		4D8DAE4B1592D1C400A6B60C /* InfoPlist.strings */ = {
			isa = PBXVariantGroup;
			children = (
				4D8DAE4C1592D1C400A6B60C /* en */,
			);
			name = InfoPlist.strings;
			sourceTree = "<group>";
		};
		4D8DAE5B1592D1C400A6B60C /* ViewController_iPhone.xib */ = {
			isa = PBXVariantGroup;
			children = (
				4D8DAE5C1592D1C400A6B60C /* en */,
			);
			name = ViewController_iPhone.xib;
			sourceTree = "<group>";
		};
		4D8DAE5E1592D1C400A6B60C /* ViewController_iPad.xib */ = {
			isa = PBXVariantGroup;
			children = (
				4D8DAE5F1592D1C400A6B60C /* en */,
			);
			name = ViewController_iPad.xib;
			sourceTree = "<group>";
		};
/* End PBXVariantGroup section */

/* Begin XCBuildConfiguration section */
		4D8DAE611592D1C400A6B60C /* Debug */ = {
			isa = XCBuildConfiguration;
			buildSettings = {
				ALWAYS_SEARCH_USER_PATHS = NO;
				ARCHS = "$(ARCHS_STANDARD_32_BIT)";
				CLANG_ENABLE_OBJC_ARC = YES;
				"CODE_SIGN_IDENTITY[sdk=iphoneos*]" = "iPhone Developer";
				COPY_PHASE_STRIP = NO;
				GCC_C_LANGUAGE_STANDARD = gnu99;
				GCC_DYNAMIC_NO_PIC = NO;
				GCC_OPTIMIZATION_LEVEL = 0;
				GCC_PREPROCESSOR_DEFINITIONS = (
					"DEBUG=1",
					"$(inherited)",
				);
				GCC_SYMBOLS_PRIVATE_EXTERN = NO;
				GCC_VERSION = com.apple.compilers.llvm.clang.1_0;
				GCC_WARN_ABOUT_RETURN_TYPE = YES;
				GCC_WARN_UNINITIALIZED_AUTOS = YES;
				GCC_WARN_UNUSED_VARIABLE = YES;
				IPHONEOS_DEPLOYMENT_TARGET = 5.1;
				SDKROOT = iphoneos;
				TARGETED_DEVICE_FAMILY = "1,2";
			};
			name = Debug;
		};
		4D8DAE621592D1C400A6B60C /* Release */ = {
			isa = XCBuildConfiguration;
			buildSettings = {
				ALWAYS_SEARCH_USER_PATHS = NO;
				ARCHS = "$(ARCHS_STANDARD_32_BIT)";
				CLANG_ENABLE_OBJC_ARC = YES;
				"CODE_SIGN_IDENTITY[sdk=iphoneos*]" = "iPhone Developer";
				COPY_PHASE_STRIP = YES;
				GCC_C_LANGUAGE_STANDARD = gnu99;
				GCC_VERSION = com.apple.compilers.llvm.clang.1_0;
				GCC_WARN_ABOUT_RETURN_TYPE = YES;
				GCC_WARN_UNINITIALIZED_AUTOS = YES;
				GCC_WARN_UNUSED_VARIABLE = YES;
				IPHONEOS_DEPLOYMENT_TARGET = 5.1;
				OTHER_CFLAGS = "-DNS_BLOCK_ASSERTIONS=1";
				SDKROOT = iphoneos;
				TARGETED_DEVICE_FAMILY = "1,2";
				VALIDATE_PRODUCT = YES;
			};
			name = Release;
		};
		4D8DAE641592D1C400A6B60C /* Debug */ = {
			isa = XCBuildConfiguration;
			buildSettings = {
				GCC_PRECOMPILE_PREFIX_HEADER = YES;
				GCC_PREFIX_HEADER = "MobileMusic/MobileMusic-Prefix.pch";
				"GCC_THUMB_SUPPORT[arch=armv6]" = "";
				INFOPLIST_FILE = "MobileMusic/MobileMusic-Info.plist";
				PRODUCT_NAME = "$(TARGET_NAME)";
				WRAPPER_EXTENSION = app;
			};
			name = Debug;
		};
		4D8DAE651592D1C400A6B60C /* Release */ = {
			isa = XCBuildConfiguration;
			buildSettings = {
				GCC_PRECOMPILE_PREFIX_HEADER = YES;
				GCC_PREFIX_HEADER = "MobileMusic/MobileMusic-Prefix.pch";
				"GCC_THUMB_SUPPORT[arch=armv6]" = "";
				INFOPLIST_FILE = "MobileMusic/MobileMusic-Info.plist";
				PRODUCT_NAME = "$(TARGET_NAME)";
				WRAPPER_EXTENSION = app;
			};
			name = Release;
		};
/* End XCBuildConfiguration section */

/* Begin XCConfigurationList section */
		4D8DAE341592D1C400A6B60C /* Build configuration list for PBXProject "MobileMusic" */ = {
			isa = XCConfigurationList;
			buildConfigurations = (
				4D8DAE611592D1C400A6B60C /* Debug */,
				4D8DAE621592D1C400A6B60C /* Release */,
			);
			defaultConfigurationIsVisible = 0;
			defaultConfigurationName = Release;
		};
		4D8DAE631592D1C400A6B60C /* Build configuration list for PBXNativeTarget "MobileMusic" */ = {
			isa = XCConfigurationList;
			buildConfigurations = (
				4D8DAE641592D1C400A6B60C /* Debug */,
				4D8DAE651592D1C400A6B60C /* Release */,
			);
			defaultConfigurationIsVisible = 0;
			defaultConfigurationName = Release;
		};
/* End XCConfigurationList section */
	};
	rootObject = 4D8DAE311592D1C400A6B60C /* Project object */;
}
