// !$*UTF8*$!
{
	archiveVersion = 1;
	classes = {
	};
	objectVersion = 46;
	objects = {

/* Begin PBXBuildFile section */
		09C89BF0159BFFF600C9EFB2 /* AudioToolbox.framework in Frameworks */ = {isa = PBXBuildFile; fileRef = 09C89BED159BFFF500C9EFB2 /* AudioToolbox.framework */; };
		09C89BF2159BFFF600C9EFB2 /* CoreAudio.framework in Frameworks */ = {isa = PBXBuildFile; fileRef = 09C89BEF159BFFF500C9EFB2 /* CoreAudio.framework */; };
		4D8DAE3F1592D1C400A6B60C /* UIKit.framework in Frameworks */ = {isa = PBXBuildFile; fileRef = 4D8DAE3E1592D1C400A6B60C /* UIKit.framework */; };
		4D8DAE411592D1C400A6B60C /* Foundation.framework in Frameworks */ = {isa = PBXBuildFile; fileRef = 4D8DAE401592D1C400A6B60C /* Foundation.framework */; };
		4D8DAE431592D1C400A6B60C /* CoreGraphics.framework in Frameworks */ = {isa = PBXBuildFile; fileRef = 4D8DAE421592D1C400A6B60C /* CoreGraphics.framework */; };
		4D8DAE451592D1C400A6B60C /* GLKit.framework in Frameworks */ = {isa = PBXBuildFile; fileRef = 4D8DAE441592D1C400A6B60C /* GLKit.framework */; };
		4D8DAE471592D1C400A6B60C /* OpenGLES.framework in Frameworks */ = {isa = PBXBuildFile; fileRef = 4D8DAE461592D1C400A6B60C /* OpenGLES.framework */; };
		4DCA0F5115A263BD002E9618 /* MBBaseRequest.m in Sources */ = {isa = PBXBuildFile; fileRef = 4DCA0F3D15A263BD002E9618 /* MBBaseRequest.m */; settings = {COMPILER_FLAGS = "-fno-objc-arc"; }; };
		4DCA0F5215A263BD002E9618 /* MBHTTPConnectionOperation.m in Sources */ = {isa = PBXBuildFile; fileRef = 4DCA0F4015A263BD002E9618 /* MBHTTPConnectionOperation.m */; settings = {COMPILER_FLAGS = "-fno-objc-arc"; }; };
		4DCA0F5315A263BD002E9618 /* MBHTTPRequest.m in Sources */ = {isa = PBXBuildFile; fileRef = 4DCA0F4215A263BD002E9618 /* MBHTTPRequest.m */; settings = {COMPILER_FLAGS = "-fno-objc-arc"; }; };
		4DCA0F5415A263BD002E9618 /* MBImageRequest.m in Sources */ = {isa = PBXBuildFile; fileRef = 4DCA0F4415A263BD002E9618 /* MBImageRequest.m */; settings = {COMPILER_FLAGS = "-fno-objc-arc"; }; };
		4DCA0F5515A263BD002E9618 /* MBJSONRequest.m in Sources */ = {isa = PBXBuildFile; fileRef = 4DCA0F4615A263BD002E9618 /* MBJSONRequest.m */; settings = {COMPILER_FLAGS = "-fno-objc-arc"; }; };
		4DCA0F5615A263BD002E9618 /* MBRequestError.m in Sources */ = {isa = PBXBuildFile; fileRef = 4DCA0F4915A263BD002E9618 /* MBRequestError.m */; settings = {COMPILER_FLAGS = "-fno-objc-arc"; }; };
		4DCA0F5715A263BD002E9618 /* MBURLConnectionOperation.m in Sources */ = {isa = PBXBuildFile; fileRef = 4DCA0F4D15A263BD002E9618 /* MBURLConnectionOperation.m */; settings = {COMPILER_FLAGS = "-fno-objc-arc"; }; };
		4DCA0F6C15A26400002E9618 /* MBError.m in Sources */ = {isa = PBXBuildFile; fileRef = 4DCA0F5E15A26400002E9618 /* MBError.m */; settings = {COMPILER_FLAGS = "-fno-objc-arc"; }; };
		4DCA0F6D15A26400002E9618 /* MBJSON.m in Sources */ = {isa = PBXBuildFile; fileRef = 4DCA0F6015A26400002E9618 /* MBJSON.m */; settings = {COMPILER_FLAGS = "-fno-objc-arc"; }; };
		4DCA0F6E15A26400002E9618 /* MBNetworkActivityIndicatorManager.m in Sources */ = {isa = PBXBuildFile; fileRef = 4DCA0F6315A26400002E9618 /* MBNetworkActivityIndicatorManager.m */; settings = {COMPILER_FLAGS = "-fno-objc-arc"; }; };
		4DCA0F6F15A26400002E9618 /* NSDictionary+MBCommon.m in Sources */ = {isa = PBXBuildFile; fileRef = 4DCA0F6515A26400002E9618 /* NSDictionary+MBCommon.m */; settings = {COMPILER_FLAGS = "-fno-objc-arc"; }; };
		4DCA0F7015A26400002E9618 /* NSString+MBCommon.m in Sources */ = {isa = PBXBuildFile; fileRef = 4DCA0F6715A26400002E9618 /* NSString+MBCommon.m */; settings = {COMPILER_FLAGS = "-fno-objc-arc"; }; };
		4DCA0F7115A26400002E9618 /* NSURL+MBCommon.m in Sources */ = {isa = PBXBuildFile; fileRef = 4DCA0F6915A26400002E9618 /* NSURL+MBCommon.m */; settings = {COMPILER_FLAGS = "-fno-objc-arc"; }; };
		4DCA0F7B15A26901002E9618 /* NetworkingExample.m in Sources */ = {isa = PBXBuildFile; fileRef = 4DCA0F7A15A26901002E9618 /* NetworkingExample.m */; settings = {COMPILER_FLAGS = "-fno-objc-arc"; }; };
		4DCA0F7E15A26A2E002E9618 /* MBXMLRequest.m in Sources */ = {isa = PBXBuildFile; fileRef = 4DCA0F7D15A26A2E002E9618 /* MBXMLRequest.m */; settings = {COMPILER_FLAGS = "-fno-objc-arc"; }; };
		4DCB849F15A27E91008B1BE8 /* GLViewController.mm in Sources */ = {isa = PBXBuildFile; fileRef = 4DCB849C15A27E91008B1BE8 /* GLViewController.mm */; };
		4DCB84A015A27E91008B1BE8 /* GLViewController.xib in Resources */ = {isa = PBXBuildFile; fileRef = 4DCB849D15A27E91008B1BE8 /* GLViewController.xib */; };
		4DCB84A115A27E91008B1BE8 /* GLViewController~iphone.xib in Resources */ = {isa = PBXBuildFile; fileRef = 4DCB849E15A27E91008B1BE8 /* GLViewController~iphone.xib */; };
		4DCB84A515A27EE7008B1BE8 /* AudioControlViewControllerViewController.m in Sources */ = {isa = PBXBuildFile; fileRef = 4DCB84A315A27EE7008B1BE8 /* AudioControlViewControllerViewController.m */; };
		4DCB84A615A27EE7008B1BE8 /* AudioControlViewControllerViewController.xib in Resources */ = {isa = PBXBuildFile; fileRef = 4DCB84A415A27EE7008B1BE8 /* AudioControlViewControllerViewController.xib */; };
		4DCB84A815A27F03008B1BE8 /* AudioControlViewControllerViewController~iphone.xib in Resources */ = {isa = PBXBuildFile; fileRef = 4DCB84A715A27F03008B1BE8 /* AudioControlViewControllerViewController~iphone.xib */; };
		4DCB84AB15A28081008B1BE8 /* MobileMusicUITouchWindow.m in Sources */ = {isa = PBXBuildFile; fileRef = 4DCB84AA15A28081008B1BE8 /* MobileMusicUITouchWindow.m */; };
		4DD914BD15A2C4B200845342 /* Icon-72.png in Resources */ = {isa = PBXBuildFile; fileRef = 4DD914B915A2C4B200845342 /* Icon-72.png */; };
		4DD914BE15A2C4B200845342 /* Icon.png in Resources */ = {isa = PBXBuildFile; fileRef = 4DD914BA15A2C4B200845342 /* Icon.png */; };
		4DD914BF15A2C4B200845342 /* Icon@2x.png in Resources */ = {isa = PBXBuildFile; fileRef = 4DD914BB15A2C4B200845342 /* Icon@2x.png */; };
		4DD914C015A2C4B200845342 /* iTunesArtwork.png in Resources */ = {isa = PBXBuildFile; fileRef = 4DD914BC15A2C4B200845342 /* iTunesArtwork.png */; };
		4DD914C515A2C4FE00845342 /* Default.png in Resources */ = {isa = PBXBuildFile; fileRef = 4DD914C215A2C4FE00845342 /* Default.png */; };
		4DD914C615A2C4FE00845342 /* Default@2x.png in Resources */ = {isa = PBXBuildFile; fileRef = 4DD914C315A2C4FE00845342 /* Default@2x.png */; };
		4DD914C715A2C4FE00845342 /* Default@2x~ipad.png in Resources */ = {isa = PBXBuildFile; fileRef = 4DD914C415A2C4FE00845342 /* Default@2x~ipad.png */; };
		4DEA9B8115A2B64B0099E648 /* TabBarNubViewController.m in Sources */ = {isa = PBXBuildFile; fileRef = 4DEA9B7F15A2B64B0099E648 /* TabBarNubViewController.m */; };
		4DEA9B8215A2B64B0099E648 /* TabBarNubViewController~iphone.xib in Resources */ = {isa = PBXBuildFile; fileRef = 4DEA9B8015A2B64B0099E648 /* TabBarNubViewController~iphone.xib */; };
		4DEA9B8515A2BD4A0099E648 /* gafta.png in Resources */ = {isa = PBXBuildFile; fileRef = 4DEA9B8415A2BD4A0099E648 /* gafta.png */; };
		4DEA9B8715A2C1890099E648 /* TabBarNubViewController.xib in Resources */ = {isa = PBXBuildFile; fileRef = 4DEA9B8615A2C1890099E648 /* TabBarNubViewController.xib */; };
		4DF315CB15A12C5300A1C304 /* AppDelegate.m in Sources */ = {isa = PBXBuildFile; fileRef = 4DF3154415A12C5300A1C304 /* AppDelegate.m */; };
		4DF315CC15A12C5300A1C304 /* Flare.mm in Sources */ = {isa = PBXBuildFile; fileRef = 4DF3154715A12C5300A1C304 /* Flare.mm */; };
		4DF315CD15A12C5300A1C304 /* FlareSound.mm in Sources */ = {isa = PBXBuildFile; fileRef = 4DF3154915A12C5300A1C304 /* FlareSound.mm */; };
		4DF315CE15A12C5300A1C304 /* AccelerometerHelper.m in Sources */ = {isa = PBXBuildFile; fileRef = 4DF3154C15A12C5300A1C304 /* AccelerometerHelper.m */; };
		4DF315CF15A12C5300A1C304 /* MMAudio.mm in Sources */ = {isa = PBXBuildFile; fileRef = 4DF3154E15A12C5300A1C304 /* MMAudio.mm */; };
		4DF315D115A12C5300A1C304 /* Geometry.cpp in Sources */ = {isa = PBXBuildFile; fileRef = 4DF3155315A12C5300A1C304 /* Geometry.cpp */; };
		4DF315D215A12C5300A1C304 /* Texture.mm in Sources */ = {isa = PBXBuildFile; fileRef = 4DF3155615A12C5300A1C304 /* Texture.mm */; };
		4DF315D315A12C5300A1C304 /* mo_audio.mm in Sources */ = {isa = PBXBuildFile; fileRef = 4DF3155915A12C5300A1C304 /* mo_audio.mm */; };
		4DF315D415A12C5300A1C304 /* flare.png in Resources */ = {isa = PBXBuildFile; fileRef = 4DF3155C15A12C5300A1C304 /* flare.png */; };
		4DF315D815A12C5300A1C304 /* main.m in Sources */ = {isa = PBXBuildFile; fileRef = 4DF315C815A12C5300A1C304 /* main.m */; };
		4DF315E215A12F8600A1C304 /* LocationHelper.m in Sources */ = {isa = PBXBuildFile; fileRef = 4DF315E115A12F8600A1C304 /* LocationHelper.m */; };
		4DF315ED15A12FFD00A1C304 /* CoreLocation.framework in Frameworks */ = {isa = PBXBuildFile; fileRef = 4DF315EC15A12FFD00A1C304 /* CoreLocation.framework */; };
		4DF315EF15A131FC00A1C304 /* libstk.a in Frameworks */ = {isa = PBXBuildFile; fileRef = 4DF315C615A12C5300A1C304 /* libstk.a */; };
		4DF319C715A20E78003E04F5 /* MobileMusicCoreBridge.mm in Sources */ = {isa = PBXBuildFile; fileRef = 4DF319C615A20E78003E04F5 /* MobileMusicCoreBridge.mm */; };
/* End PBXBuildFile section */

/* Begin PBXFileReference section */
		09C89BED159BFFF500C9EFB2 /* AudioToolbox.framework */ = {isa = PBXFileReference; lastKnownFileType = wrapper.framework; name = AudioToolbox.framework; path = System/Library/Frameworks/AudioToolbox.framework; sourceTree = SDKROOT; };
		09C89BEF159BFFF500C9EFB2 /* CoreAudio.framework */ = {isa = PBXFileReference; lastKnownFileType = wrapper.framework; name = CoreAudio.framework; path = System/Library/Frameworks/CoreAudio.framework; sourceTree = SDKROOT; };
		09C89C17159E754500C9EFB2 /* ADSR.h */ = {isa = PBXFileReference; fileEncoding = 4; lastKnownFileType = sourcecode.c.h; path = ADSR.h; sourceTree = "<group>"; };
		09C89C18159E754500C9EFB2 /* Asymp.h */ = {isa = PBXFileReference; fileEncoding = 4; lastKnownFileType = sourcecode.c.h; path = Asymp.h; sourceTree = "<group>"; };
		09C89C19159E754500C9EFB2 /* BandedWG.h */ = {isa = PBXFileReference; fileEncoding = 4; lastKnownFileType = sourcecode.c.h; path = BandedWG.h; sourceTree = "<group>"; };
		09C89C1A159E754500C9EFB2 /* BeeThree.h */ = {isa = PBXFileReference; fileEncoding = 4; lastKnownFileType = sourcecode.c.h; path = BeeThree.h; sourceTree = "<group>"; };
		09C89C1B159E754500C9EFB2 /* BiQuad.h */ = {isa = PBXFileReference; fileEncoding = 4; lastKnownFileType = sourcecode.c.h; path = BiQuad.h; sourceTree = "<group>"; };
		09C89C1C159E754500C9EFB2 /* Blit.h */ = {isa = PBXFileReference; fileEncoding = 4; lastKnownFileType = sourcecode.c.h; path = Blit.h; sourceTree = "<group>"; };
		09C89C1D159E754500C9EFB2 /* BlitSaw.h */ = {isa = PBXFileReference; fileEncoding = 4; lastKnownFileType = sourcecode.c.h; path = BlitSaw.h; sourceTree = "<group>"; };
		09C89C1E159E754500C9EFB2 /* BlitSquare.h */ = {isa = PBXFileReference; fileEncoding = 4; lastKnownFileType = sourcecode.c.h; path = BlitSquare.h; sourceTree = "<group>"; };
		09C89C1F159E754500C9EFB2 /* BlowBotl.h */ = {isa = PBXFileReference; fileEncoding = 4; lastKnownFileType = sourcecode.c.h; path = BlowBotl.h; sourceTree = "<group>"; };
		09C89C20159E754500C9EFB2 /* BlowHole.h */ = {isa = PBXFileReference; fileEncoding = 4; lastKnownFileType = sourcecode.c.h; path = BlowHole.h; sourceTree = "<group>"; };
		09C89C21159E754500C9EFB2 /* Bowed.h */ = {isa = PBXFileReference; fileEncoding = 4; lastKnownFileType = sourcecode.c.h; path = Bowed.h; sourceTree = "<group>"; };
		09C89C22159E754500C9EFB2 /* BowTable.h */ = {isa = PBXFileReference; fileEncoding = 4; lastKnownFileType = sourcecode.c.h; path = BowTable.h; sourceTree = "<group>"; };
		09C89C23159E754500C9EFB2 /* Brass.h */ = {isa = PBXFileReference; fileEncoding = 4; lastKnownFileType = sourcecode.c.h; path = Brass.h; sourceTree = "<group>"; };
		09C89C24159E754500C9EFB2 /* Chorus.h */ = {isa = PBXFileReference; fileEncoding = 4; lastKnownFileType = sourcecode.c.h; path = Chorus.h; sourceTree = "<group>"; };
		09C89C25159E754500C9EFB2 /* Clarinet.h */ = {isa = PBXFileReference; fileEncoding = 4; lastKnownFileType = sourcecode.c.h; path = Clarinet.h; sourceTree = "<group>"; };
		09C89C26159E754500C9EFB2 /* Cubic.h */ = {isa = PBXFileReference; fileEncoding = 4; lastKnownFileType = sourcecode.c.h; path = Cubic.h; sourceTree = "<group>"; };
		09C89C27159E754500C9EFB2 /* Delay.h */ = {isa = PBXFileReference; fileEncoding = 4; lastKnownFileType = sourcecode.c.h; path = Delay.h; sourceTree = "<group>"; };
		09C89C28159E754500C9EFB2 /* DelayA.h */ = {isa = PBXFileReference; fileEncoding = 4; lastKnownFileType = sourcecode.c.h; path = DelayA.h; sourceTree = "<group>"; };
		09C89C29159E754500C9EFB2 /* DelayL.h */ = {isa = PBXFileReference; fileEncoding = 4; lastKnownFileType = sourcecode.c.h; path = DelayL.h; sourceTree = "<group>"; };
		09C89C2A159E754500C9EFB2 /* Drummer.h */ = {isa = PBXFileReference; fileEncoding = 4; lastKnownFileType = sourcecode.c.h; path = Drummer.h; sourceTree = "<group>"; };
		09C89C2B159E754500C9EFB2 /* Echo.h */ = {isa = PBXFileReference; fileEncoding = 4; lastKnownFileType = sourcecode.c.h; path = Echo.h; sourceTree = "<group>"; };
		09C89C2C159E754500C9EFB2 /* Effect.h */ = {isa = PBXFileReference; fileEncoding = 4; lastKnownFileType = sourcecode.c.h; path = Effect.h; sourceTree = "<group>"; };
		09C89C2D159E754500C9EFB2 /* Envelope.h */ = {isa = PBXFileReference; fileEncoding = 4; lastKnownFileType = sourcecode.c.h; path = Envelope.h; sourceTree = "<group>"; };
		09C89C2E159E754500C9EFB2 /* FileLoop.h */ = {isa = PBXFileReference; fileEncoding = 4; lastKnownFileType = sourcecode.c.h; path = FileLoop.h; sourceTree = "<group>"; };
		09C89C2F159E754500C9EFB2 /* FileRead.h */ = {isa = PBXFileReference; fileEncoding = 4; lastKnownFileType = sourcecode.c.h; path = FileRead.h; sourceTree = "<group>"; };
		09C89C30159E754500C9EFB2 /* FileWrite.h */ = {isa = PBXFileReference; fileEncoding = 4; lastKnownFileType = sourcecode.c.h; path = FileWrite.h; sourceTree = "<group>"; };
		09C89C31159E754500C9EFB2 /* FileWvIn.h */ = {isa = PBXFileReference; fileEncoding = 4; lastKnownFileType = sourcecode.c.h; path = FileWvIn.h; sourceTree = "<group>"; };
		09C89C32159E754500C9EFB2 /* FileWvOut.h */ = {isa = PBXFileReference; fileEncoding = 4; lastKnownFileType = sourcecode.c.h; path = FileWvOut.h; sourceTree = "<group>"; };
		09C89C33159E754500C9EFB2 /* Filter.h */ = {isa = PBXFileReference; fileEncoding = 4; lastKnownFileType = sourcecode.c.h; path = Filter.h; sourceTree = "<group>"; };
		09C89C34159E754500C9EFB2 /* Fir.h */ = {isa = PBXFileReference; fileEncoding = 4; lastKnownFileType = sourcecode.c.h; path = Fir.h; sourceTree = "<group>"; };
		09C89C35159E754500C9EFB2 /* Flute.h */ = {isa = PBXFileReference; fileEncoding = 4; lastKnownFileType = sourcecode.c.h; path = Flute.h; sourceTree = "<group>"; };
		09C89C36159E754500C9EFB2 /* FM.h */ = {isa = PBXFileReference; fileEncoding = 4; lastKnownFileType = sourcecode.c.h; path = FM.h; sourceTree = "<group>"; };
		09C89C37159E754500C9EFB2 /* FMVoices.h */ = {isa = PBXFileReference; fileEncoding = 4; lastKnownFileType = sourcecode.c.h; path = FMVoices.h; sourceTree = "<group>"; };
		09C89C38159E754500C9EFB2 /* FormSwep.h */ = {isa = PBXFileReference; fileEncoding = 4; lastKnownFileType = sourcecode.c.h; path = FormSwep.h; sourceTree = "<group>"; };
		09C89C39159E754500C9EFB2 /* Function.h */ = {isa = PBXFileReference; fileEncoding = 4; lastKnownFileType = sourcecode.c.h; path = Function.h; sourceTree = "<group>"; };
		09C89C3A159E754500C9EFB2 /* Generator.h */ = {isa = PBXFileReference; fileEncoding = 4; lastKnownFileType = sourcecode.c.h; path = Generator.h; sourceTree = "<group>"; };
		09C89C3B159E754500C9EFB2 /* Granulate.h */ = {isa = PBXFileReference; fileEncoding = 4; lastKnownFileType = sourcecode.c.h; path = Granulate.h; sourceTree = "<group>"; };
		09C89C3C159E754500C9EFB2 /* HevyMetl.h */ = {isa = PBXFileReference; fileEncoding = 4; lastKnownFileType = sourcecode.c.h; path = HevyMetl.h; sourceTree = "<group>"; };
		09C89C3D159E754500C9EFB2 /* Iir.h */ = {isa = PBXFileReference; fileEncoding = 4; lastKnownFileType = sourcecode.c.h; path = Iir.h; sourceTree = "<group>"; };
		09C89C3E159E754500C9EFB2 /* InetWvIn.h */ = {isa = PBXFileReference; fileEncoding = 4; lastKnownFileType = sourcecode.c.h; path = InetWvIn.h; sourceTree = "<group>"; };
		09C89C3F159E754500C9EFB2 /* InetWvOut.h */ = {isa = PBXFileReference; fileEncoding = 4; lastKnownFileType = sourcecode.c.h; path = InetWvOut.h; sourceTree = "<group>"; };
		09C89C40159E754500C9EFB2 /* Instrmnt.h */ = {isa = PBXFileReference; fileEncoding = 4; lastKnownFileType = sourcecode.c.h; path = Instrmnt.h; sourceTree = "<group>"; };
		09C89C41159E754500C9EFB2 /* JCRev.h */ = {isa = PBXFileReference; fileEncoding = 4; lastKnownFileType = sourcecode.c.h; path = JCRev.h; sourceTree = "<group>"; };
		09C89C42159E754500C9EFB2 /* JetTable.h */ = {isa = PBXFileReference; fileEncoding = 4; lastKnownFileType = sourcecode.c.h; path = JetTable.h; sourceTree = "<group>"; };
		09C89C43159E754500C9EFB2 /* LentPitShift.h */ = {isa = PBXFileReference; fileEncoding = 4; lastKnownFileType = sourcecode.c.h; path = LentPitShift.h; sourceTree = "<group>"; };
		09C89C44159E754500C9EFB2 /* Mandolin.h */ = {isa = PBXFileReference; fileEncoding = 4; lastKnownFileType = sourcecode.c.h; path = Mandolin.h; sourceTree = "<group>"; };
		09C89C45159E754500C9EFB2 /* Mesh2D.h */ = {isa = PBXFileReference; fileEncoding = 4; lastKnownFileType = sourcecode.c.h; path = Mesh2D.h; sourceTree = "<group>"; };
		09C89C46159E754500C9EFB2 /* Messager.h */ = {isa = PBXFileReference; fileEncoding = 4; lastKnownFileType = sourcecode.c.h; path = Messager.h; sourceTree = "<group>"; };
		09C89C47159E754500C9EFB2 /* MidiFileIn.h */ = {isa = PBXFileReference; fileEncoding = 4; lastKnownFileType = sourcecode.c.h; path = MidiFileIn.h; sourceTree = "<group>"; };
		09C89C48159E754500C9EFB2 /* Modal.h */ = {isa = PBXFileReference; fileEncoding = 4; lastKnownFileType = sourcecode.c.h; path = Modal.h; sourceTree = "<group>"; };
		09C89C49159E754500C9EFB2 /* ModalBar.h */ = {isa = PBXFileReference; fileEncoding = 4; lastKnownFileType = sourcecode.c.h; path = ModalBar.h; sourceTree = "<group>"; };
		09C89C4A159E754500C9EFB2 /* Modulate.h */ = {isa = PBXFileReference; fileEncoding = 4; lastKnownFileType = sourcecode.c.h; path = Modulate.h; sourceTree = "<group>"; };
		09C89C4B159E754500C9EFB2 /* Moog.h */ = {isa = PBXFileReference; fileEncoding = 4; lastKnownFileType = sourcecode.c.h; path = Moog.h; sourceTree = "<group>"; };
		09C89C4C159E754500C9EFB2 /* Mutex.h */ = {isa = PBXFileReference; fileEncoding = 4; lastKnownFileType = sourcecode.c.h; path = Mutex.h; sourceTree = "<group>"; };
		09C89C4D159E754500C9EFB2 /* Noise.h */ = {isa = PBXFileReference; fileEncoding = 4; lastKnownFileType = sourcecode.c.h; path = Noise.h; sourceTree = "<group>"; };
		09C89C4E159E754500C9EFB2 /* NRev.h */ = {isa = PBXFileReference; fileEncoding = 4; lastKnownFileType = sourcecode.c.h; path = NRev.h; sourceTree = "<group>"; };
		09C89C4F159E754500C9EFB2 /* OnePole.h */ = {isa = PBXFileReference; fileEncoding = 4; lastKnownFileType = sourcecode.c.h; path = OnePole.h; sourceTree = "<group>"; };
		09C89C50159E754500C9EFB2 /* OneZero.h */ = {isa = PBXFileReference; fileEncoding = 4; lastKnownFileType = sourcecode.c.h; path = OneZero.h; sourceTree = "<group>"; };
		09C89C51159E754500C9EFB2 /* PercFlut.h */ = {isa = PBXFileReference; fileEncoding = 4; lastKnownFileType = sourcecode.c.h; path = PercFlut.h; sourceTree = "<group>"; };
		09C89C52159E754500C9EFB2 /* Phonemes.h */ = {isa = PBXFileReference; fileEncoding = 4; lastKnownFileType = sourcecode.c.h; path = Phonemes.h; sourceTree = "<group>"; };
		09C89C53159E754500C9EFB2 /* PitShift.h */ = {isa = PBXFileReference; fileEncoding = 4; lastKnownFileType = sourcecode.c.h; path = PitShift.h; sourceTree = "<group>"; };
		09C89C54159E754500C9EFB2 /* Plucked.h */ = {isa = PBXFileReference; fileEncoding = 4; lastKnownFileType = sourcecode.c.h; path = Plucked.h; sourceTree = "<group>"; };
		09C89C55159E754500C9EFB2 /* PoleZero.h */ = {isa = PBXFileReference; fileEncoding = 4; lastKnownFileType = sourcecode.c.h; path = PoleZero.h; sourceTree = "<group>"; };
		09C89C56159E754500C9EFB2 /* PRCRev.h */ = {isa = PBXFileReference; fileEncoding = 4; lastKnownFileType = sourcecode.c.h; path = PRCRev.h; sourceTree = "<group>"; };
		09C89C57159E754500C9EFB2 /* ReedTable.h */ = {isa = PBXFileReference; fileEncoding = 4; lastKnownFileType = sourcecode.c.h; path = ReedTable.h; sourceTree = "<group>"; };
		09C89C58159E754500C9EFB2 /* Resonate.h */ = {isa = PBXFileReference; fileEncoding = 4; lastKnownFileType = sourcecode.c.h; path = Resonate.h; sourceTree = "<group>"; };
		09C89C59159E754500C9EFB2 /* Rhodey.h */ = {isa = PBXFileReference; fileEncoding = 4; lastKnownFileType = sourcecode.c.h; path = Rhodey.h; sourceTree = "<group>"; };
		09C89C5A159E754500C9EFB2 /* RtAudio.h */ = {isa = PBXFileReference; fileEncoding = 4; lastKnownFileType = sourcecode.c.h; path = RtAudio.h; sourceTree = "<group>"; };
		09C89C5B159E754500C9EFB2 /* RtError.h */ = {isa = PBXFileReference; fileEncoding = 4; lastKnownFileType = sourcecode.c.h; path = RtError.h; sourceTree = "<group>"; };
		09C89C5C159E754500C9EFB2 /* RtMidi.h */ = {isa = PBXFileReference; fileEncoding = 4; lastKnownFileType = sourcecode.c.h; path = RtMidi.h; sourceTree = "<group>"; };
		09C89C5D159E754500C9EFB2 /* RtWvIn.h */ = {isa = PBXFileReference; fileEncoding = 4; lastKnownFileType = sourcecode.c.h; path = RtWvIn.h; sourceTree = "<group>"; };
		09C89C5E159E754500C9EFB2 /* RtWvOut.h */ = {isa = PBXFileReference; fileEncoding = 4; lastKnownFileType = sourcecode.c.h; path = RtWvOut.h; sourceTree = "<group>"; };
		09C89C5F159E754500C9EFB2 /* Sampler.h */ = {isa = PBXFileReference; fileEncoding = 4; lastKnownFileType = sourcecode.c.h; path = Sampler.h; sourceTree = "<group>"; };
		09C89C60159E754500C9EFB2 /* Saxofony.h */ = {isa = PBXFileReference; fileEncoding = 4; lastKnownFileType = sourcecode.c.h; path = Saxofony.h; sourceTree = "<group>"; };
		09C89C61159E754500C9EFB2 /* Shakers.h */ = {isa = PBXFileReference; fileEncoding = 4; lastKnownFileType = sourcecode.c.h; path = Shakers.h; sourceTree = "<group>"; };
		09C89C62159E754500C9EFB2 /* Simple.h */ = {isa = PBXFileReference; fileEncoding = 4; lastKnownFileType = sourcecode.c.h; path = Simple.h; sourceTree = "<group>"; };
		09C89C63159E754500C9EFB2 /* SineWave.h */ = {isa = PBXFileReference; fileEncoding = 4; lastKnownFileType = sourcecode.c.h; path = SineWave.h; sourceTree = "<group>"; };
		09C89C64159E754500C9EFB2 /* SingWave.h */ = {isa = PBXFileReference; fileEncoding = 4; lastKnownFileType = sourcecode.c.h; path = SingWave.h; sourceTree = "<group>"; };
		09C89C65159E754500C9EFB2 /* Sitar.h */ = {isa = PBXFileReference; fileEncoding = 4; lastKnownFileType = sourcecode.c.h; path = Sitar.h; sourceTree = "<group>"; };
		09C89C66159E754500C9EFB2 /* Skini.h */ = {isa = PBXFileReference; fileEncoding = 4; lastKnownFileType = sourcecode.c.h; path = Skini.h; sourceTree = "<group>"; };
		09C89C67159E754500C9EFB2 /* SKINI.msg */ = {isa = PBXFileReference; fileEncoding = 4; lastKnownFileType = text; path = SKINI.msg; sourceTree = "<group>"; };
		09C89C68159E754500C9EFB2 /* SKINI.tbl */ = {isa = PBXFileReference; fileEncoding = 4; lastKnownFileType = text; path = SKINI.tbl; sourceTree = "<group>"; };
		09C89C69159E754500C9EFB2 /* Socket.h */ = {isa = PBXFileReference; fileEncoding = 4; lastKnownFileType = sourcecode.c.h; path = Socket.h; sourceTree = "<group>"; };
		09C89C6A159E754500C9EFB2 /* Sphere.h */ = {isa = PBXFileReference; fileEncoding = 4; lastKnownFileType = sourcecode.c.h; path = Sphere.h; sourceTree = "<group>"; };
		09C89C6B159E754500C9EFB2 /* StifKarp.h */ = {isa = PBXFileReference; fileEncoding = 4; lastKnownFileType = sourcecode.c.h; path = StifKarp.h; sourceTree = "<group>"; };
		09C89C6C159E754500C9EFB2 /* Stk.h */ = {isa = PBXFileReference; fileEncoding = 4; lastKnownFileType = sourcecode.c.h; path = Stk.h; sourceTree = "<group>"; };
		09C89C6D159E754500C9EFB2 /* TapDelay.h */ = {isa = PBXFileReference; fileEncoding = 4; lastKnownFileType = sourcecode.c.h; path = TapDelay.h; sourceTree = "<group>"; };
		09C89C6E159E754500C9EFB2 /* TcpClient.h */ = {isa = PBXFileReference; fileEncoding = 4; lastKnownFileType = sourcecode.c.h; path = TcpClient.h; sourceTree = "<group>"; };
		09C89C6F159E754500C9EFB2 /* TcpServer.h */ = {isa = PBXFileReference; fileEncoding = 4; lastKnownFileType = sourcecode.c.h; path = TcpServer.h; sourceTree = "<group>"; };
		09C89C70159E754500C9EFB2 /* Thread.h */ = {isa = PBXFileReference; fileEncoding = 4; lastKnownFileType = sourcecode.c.h; path = Thread.h; sourceTree = "<group>"; };
		09C89C71159E754500C9EFB2 /* TubeBell.h */ = {isa = PBXFileReference; fileEncoding = 4; lastKnownFileType = sourcecode.c.h; path = TubeBell.h; sourceTree = "<group>"; };
		09C89C72159E754500C9EFB2 /* Twang.h */ = {isa = PBXFileReference; fileEncoding = 4; lastKnownFileType = sourcecode.c.h; path = Twang.h; sourceTree = "<group>"; };
		09C89C73159E754500C9EFB2 /* TwoPole.h */ = {isa = PBXFileReference; fileEncoding = 4; lastKnownFileType = sourcecode.c.h; path = TwoPole.h; sourceTree = "<group>"; };
		09C89C74159E754500C9EFB2 /* TwoZero.h */ = {isa = PBXFileReference; fileEncoding = 4; lastKnownFileType = sourcecode.c.h; path = TwoZero.h; sourceTree = "<group>"; };
		09C89C75159E754500C9EFB2 /* UdpSocket.h */ = {isa = PBXFileReference; fileEncoding = 4; lastKnownFileType = sourcecode.c.h; path = UdpSocket.h; sourceTree = "<group>"; };
		09C89C76159E754500C9EFB2 /* Vector3D.h */ = {isa = PBXFileReference; fileEncoding = 4; lastKnownFileType = sourcecode.c.h; path = Vector3D.h; sourceTree = "<group>"; };
		09C89C77159E754500C9EFB2 /* Voicer.h */ = {isa = PBXFileReference; fileEncoding = 4; lastKnownFileType = sourcecode.c.h; path = Voicer.h; sourceTree = "<group>"; };
		09C89C78159E754500C9EFB2 /* VoicForm.h */ = {isa = PBXFileReference; fileEncoding = 4; lastKnownFileType = sourcecode.c.h; path = VoicForm.h; sourceTree = "<group>"; };
		09C89C79159E754500C9EFB2 /* Whistle.h */ = {isa = PBXFileReference; fileEncoding = 4; lastKnownFileType = sourcecode.c.h; path = Whistle.h; sourceTree = "<group>"; };
		09C89C7A159E754500C9EFB2 /* Wurley.h */ = {isa = PBXFileReference; fileEncoding = 4; lastKnownFileType = sourcecode.c.h; path = Wurley.h; sourceTree = "<group>"; };
		09C89C7B159E754500C9EFB2 /* WvIn.h */ = {isa = PBXFileReference; fileEncoding = 4; lastKnownFileType = sourcecode.c.h; path = WvIn.h; sourceTree = "<group>"; };
		09C89C7C159E754500C9EFB2 /* WvOut.h */ = {isa = PBXFileReference; fileEncoding = 4; lastKnownFileType = sourcecode.c.h; path = WvOut.h; sourceTree = "<group>"; };
		09C89C7E159E754500C9EFB2 /* libstk.a */ = {isa = PBXFileReference; lastKnownFileType = archive.ar; path = libstk.a; sourceTree = "<group>"; };
		09E6E4E415A130A1008EE730 /* HSV.h */ = {isa = PBXFileReference; lastKnownFileType = sourcecode.c.h; path = HSV.h; sourceTree = "<group>"; };
		4D8DAE3A1592D1C400A6B60C /* MobileMusic.app */ = {isa = PBXFileReference; explicitFileType = wrapper.application; includeInIndex = 0; path = MobileMusic.app; sourceTree = BUILT_PRODUCTS_DIR; };
		4D8DAE3E1592D1C400A6B60C /* UIKit.framework */ = {isa = PBXFileReference; lastKnownFileType = wrapper.framework; name = UIKit.framework; path = System/Library/Frameworks/UIKit.framework; sourceTree = SDKROOT; };
		4D8DAE401592D1C400A6B60C /* Foundation.framework */ = {isa = PBXFileReference; lastKnownFileType = wrapper.framework; name = Foundation.framework; path = System/Library/Frameworks/Foundation.framework; sourceTree = SDKROOT; };
		4D8DAE421592D1C400A6B60C /* CoreGraphics.framework */ = {isa = PBXFileReference; lastKnownFileType = wrapper.framework; name = CoreGraphics.framework; path = System/Library/Frameworks/CoreGraphics.framework; sourceTree = SDKROOT; };
		4D8DAE441592D1C400A6B60C /* GLKit.framework */ = {isa = PBXFileReference; lastKnownFileType = wrapper.framework; name = GLKit.framework; path = System/Library/Frameworks/GLKit.framework; sourceTree = SDKROOT; };
		4D8DAE461592D1C400A6B60C /* OpenGLES.framework */ = {isa = PBXFileReference; lastKnownFileType = wrapper.framework; name = OpenGLES.framework; path = System/Library/Frameworks/OpenGLES.framework; sourceTree = SDKROOT; };
		4DCA0F3C15A263BD002E9618 /* MBBaseRequest.h */ = {isa = PBXFileReference; fileEncoding = 4; lastKnownFileType = sourcecode.c.h; path = MBBaseRequest.h; sourceTree = "<group>"; };
		4DCA0F3D15A263BD002E9618 /* MBBaseRequest.m */ = {isa = PBXFileReference; fileEncoding = 4; lastKnownFileType = sourcecode.c.objc; path = MBBaseRequest.m; sourceTree = "<group>"; };
		4DCA0F3E15A263BD002E9618 /* MBBaseRequestSubclass.h */ = {isa = PBXFileReference; fileEncoding = 4; lastKnownFileType = sourcecode.c.h; path = MBBaseRequestSubclass.h; sourceTree = "<group>"; };
		4DCA0F3F15A263BD002E9618 /* MBHTTPConnectionOperation.h */ = {isa = PBXFileReference; fileEncoding = 4; lastKnownFileType = sourcecode.c.h; path = MBHTTPConnectionOperation.h; sourceTree = "<group>"; };
		4DCA0F4015A263BD002E9618 /* MBHTTPConnectionOperation.m */ = {isa = PBXFileReference; fileEncoding = 4; lastKnownFileType = sourcecode.c.objc; path = MBHTTPConnectionOperation.m; sourceTree = "<group>"; };
		4DCA0F4115A263BD002E9618 /* MBHTTPRequest.h */ = {isa = PBXFileReference; fileEncoding = 4; lastKnownFileType = sourcecode.c.h; path = MBHTTPRequest.h; sourceTree = "<group>"; };
		4DCA0F4215A263BD002E9618 /* MBHTTPRequest.m */ = {isa = PBXFileReference; fileEncoding = 4; lastKnownFileType = sourcecode.c.objc; path = MBHTTPRequest.m; sourceTree = "<group>"; };
		4DCA0F4315A263BD002E9618 /* MBImageRequest.h */ = {isa = PBXFileReference; fileEncoding = 4; lastKnownFileType = sourcecode.c.h; path = MBImageRequest.h; sourceTree = "<group>"; };
		4DCA0F4415A263BD002E9618 /* MBImageRequest.m */ = {isa = PBXFileReference; fileEncoding = 4; lastKnownFileType = sourcecode.c.objc; path = MBImageRequest.m; sourceTree = "<group>"; };
		4DCA0F4515A263BD002E9618 /* MBJSONRequest.h */ = {isa = PBXFileReference; fileEncoding = 4; lastKnownFileType = sourcecode.c.h; path = MBJSONRequest.h; sourceTree = "<group>"; };
		4DCA0F4615A263BD002E9618 /* MBJSONRequest.m */ = {isa = PBXFileReference; fileEncoding = 4; lastKnownFileType = sourcecode.c.objc; path = MBJSONRequest.m; sourceTree = "<group>"; };
		4DCA0F4715A263BD002E9618 /* MBRequest.h */ = {isa = PBXFileReference; fileEncoding = 4; lastKnownFileType = sourcecode.c.h; path = MBRequest.h; sourceTree = "<group>"; };
		4DCA0F4815A263BD002E9618 /* MBRequestError.h */ = {isa = PBXFileReference; fileEncoding = 4; lastKnownFileType = sourcecode.c.h; path = MBRequestError.h; sourceTree = "<group>"; };
		4DCA0F4915A263BD002E9618 /* MBRequestError.m */ = {isa = PBXFileReference; fileEncoding = 4; lastKnownFileType = sourcecode.c.objc; path = MBRequestError.m; sourceTree = "<group>"; };
		4DCA0F4A15A263BD002E9618 /* MBRequestLocalization.h */ = {isa = PBXFileReference; fileEncoding = 4; lastKnownFileType = sourcecode.c.h; path = MBRequestLocalization.h; sourceTree = "<group>"; };
		4DCA0F4B15A263BD002E9618 /* MBRequestLog.h */ = {isa = PBXFileReference; fileEncoding = 4; lastKnownFileType = sourcecode.c.h; path = MBRequestLog.h; sourceTree = "<group>"; };
		4DCA0F4C15A263BD002E9618 /* MBURLConnectionOperation.h */ = {isa = PBXFileReference; fileEncoding = 4; lastKnownFileType = sourcecode.c.h; path = MBURLConnectionOperation.h; sourceTree = "<group>"; };
		4DCA0F4D15A263BD002E9618 /* MBURLConnectionOperation.m */ = {isa = PBXFileReference; fileEncoding = 4; lastKnownFileType = sourcecode.c.objc; path = MBURLConnectionOperation.m; sourceTree = "<group>"; };
		4DCA0F4E15A263BD002E9618 /* MBURLConnectionOperationSubclass.h */ = {isa = PBXFileReference; fileEncoding = 4; lastKnownFileType = sourcecode.c.h; path = MBURLConnectionOperationSubclass.h; sourceTree = "<group>"; };
		4DCA0F5C15A26400002E9618 /* MBCommon.h */ = {isa = PBXFileReference; fileEncoding = 4; lastKnownFileType = sourcecode.c.h; path = MBCommon.h; sourceTree = "<group>"; };
		4DCA0F5D15A26400002E9618 /* MBError.h */ = {isa = PBXFileReference; fileEncoding = 4; lastKnownFileType = sourcecode.c.h; path = MBError.h; sourceTree = "<group>"; };
		4DCA0F5E15A26400002E9618 /* MBError.m */ = {isa = PBXFileReference; fileEncoding = 4; lastKnownFileType = sourcecode.c.objc; path = MBError.m; sourceTree = "<group>"; };
		4DCA0F5F15A26400002E9618 /* MBJSON.h */ = {isa = PBXFileReference; fileEncoding = 4; lastKnownFileType = sourcecode.c.h; path = MBJSON.h; sourceTree = "<group>"; };
		4DCA0F6015A26400002E9618 /* MBJSON.m */ = {isa = PBXFileReference; fileEncoding = 4; lastKnownFileType = sourcecode.c.objc; path = MBJSON.m; sourceTree = "<group>"; };
		4DCA0F6115A26400002E9618 /* MBLocalization.h */ = {isa = PBXFileReference; fileEncoding = 4; lastKnownFileType = sourcecode.c.h; path = MBLocalization.h; sourceTree = "<group>"; };
		4DCA0F6215A26400002E9618 /* MBNetworkActivityIndicatorManager.h */ = {isa = PBXFileReference; fileEncoding = 4; lastKnownFileType = sourcecode.c.h; path = MBNetworkActivityIndicatorManager.h; sourceTree = "<group>"; };
		4DCA0F6315A26400002E9618 /* MBNetworkActivityIndicatorManager.m */ = {isa = PBXFileReference; fileEncoding = 4; lastKnownFileType = sourcecode.c.objc; path = MBNetworkActivityIndicatorManager.m; sourceTree = "<group>"; };
		4DCA0F6415A26400002E9618 /* NSDictionary+MBCommon.h */ = {isa = PBXFileReference; fileEncoding = 4; lastKnownFileType = sourcecode.c.h; path = "NSDictionary+MBCommon.h"; sourceTree = "<group>"; };
		4DCA0F6515A26400002E9618 /* NSDictionary+MBCommon.m */ = {isa = PBXFileReference; fileEncoding = 4; lastKnownFileType = sourcecode.c.objc; path = "NSDictionary+MBCommon.m"; sourceTree = "<group>"; };
		4DCA0F6615A26400002E9618 /* NSString+MBCommon.h */ = {isa = PBXFileReference; fileEncoding = 4; lastKnownFileType = sourcecode.c.h; path = "NSString+MBCommon.h"; sourceTree = "<group>"; };
		4DCA0F6715A26400002E9618 /* NSString+MBCommon.m */ = {isa = PBXFileReference; fileEncoding = 4; lastKnownFileType = sourcecode.c.objc; path = "NSString+MBCommon.m"; sourceTree = "<group>"; };
		4DCA0F6815A26400002E9618 /* NSURL+MBCommon.h */ = {isa = PBXFileReference; fileEncoding = 4; lastKnownFileType = sourcecode.c.h; path = "NSURL+MBCommon.h"; sourceTree = "<group>"; };
		4DCA0F6915A26400002E9618 /* NSURL+MBCommon.m */ = {isa = PBXFileReference; fileEncoding = 4; lastKnownFileType = sourcecode.c.objc; path = "NSURL+MBCommon.m"; sourceTree = "<group>"; };
		4DCA0F7915A26901002E9618 /* NetworkingExample.h */ = {isa = PBXFileReference; fileEncoding = 4; lastKnownFileType = sourcecode.c.h; path = NetworkingExample.h; sourceTree = "<group>"; };
		4DCA0F7A15A26901002E9618 /* NetworkingExample.m */ = {isa = PBXFileReference; fileEncoding = 4; lastKnownFileType = sourcecode.c.objc; path = NetworkingExample.m; sourceTree = "<group>"; };
		4DCA0F7C15A26A2E002E9618 /* MBXMLRequest.h */ = {isa = PBXFileReference; fileEncoding = 4; lastKnownFileType = sourcecode.c.h; path = MBXMLRequest.h; sourceTree = "<group>"; };
		4DCA0F7D15A26A2E002E9618 /* MBXMLRequest.m */ = {isa = PBXFileReference; fileEncoding = 4; lastKnownFileType = sourcecode.c.objc; path = MBXMLRequest.m; sourceTree = "<group>"; };
		4DCB849B15A27E91008B1BE8 /* GLViewController.h */ = {isa = PBXFileReference; fileEncoding = 4; lastKnownFileType = sourcecode.c.h; path = GLViewController.h; sourceTree = "<group>"; };
		4DCB849C15A27E91008B1BE8 /* GLViewController.mm */ = {isa = PBXFileReference; fileEncoding = 4; lastKnownFileType = sourcecode.cpp.objcpp; path = GLViewController.mm; sourceTree = "<group>"; };
		4DCB849D15A27E91008B1BE8 /* GLViewController.xib */ = {isa = PBXFileReference; fileEncoding = 4; lastKnownFileType = file.xib; path = GLViewController.xib; sourceTree = "<group>"; };
		4DCB849E15A27E91008B1BE8 /* GLViewController~iphone.xib */ = {isa = PBXFileReference; fileEncoding = 4; lastKnownFileType = file.xib; path = "GLViewController~iphone.xib"; sourceTree = "<group>"; };
		4DCB84A215A27EE7008B1BE8 /* AudioControlViewControllerViewController.h */ = {isa = PBXFileReference; fileEncoding = 4; lastKnownFileType = sourcecode.c.h; path = AudioControlViewControllerViewController.h; sourceTree = "<group>"; };
		4DCB84A315A27EE7008B1BE8 /* AudioControlViewControllerViewController.m */ = {isa = PBXFileReference; fileEncoding = 4; lastKnownFileType = sourcecode.c.objc; path = AudioControlViewControllerViewController.m; sourceTree = "<group>"; };
		4DCB84A415A27EE7008B1BE8 /* AudioControlViewControllerViewController.xib */ = {isa = PBXFileReference; fileEncoding = 4; lastKnownFileType = file.xib; path = AudioControlViewControllerViewController.xib; sourceTree = "<group>"; };
		4DCB84A715A27F03008B1BE8 /* AudioControlViewControllerViewController~iphone.xib */ = {isa = PBXFileReference; fileEncoding = 4; lastKnownFileType = file.xib; path = "AudioControlViewControllerViewController~iphone.xib"; sourceTree = "<group>"; };
		4DCB84A915A28081008B1BE8 /* MobileMusicUITouchWindow.h */ = {isa = PBXFileReference; fileEncoding = 4; lastKnownFileType = sourcecode.c.h; path = MobileMusicUITouchWindow.h; sourceTree = "<group>"; };
		4DCB84AA15A28081008B1BE8 /* MobileMusicUITouchWindow.m */ = {isa = PBXFileReference; fileEncoding = 4; lastKnownFileType = sourcecode.c.objc; path = MobileMusicUITouchWindow.m; sourceTree = "<group>"; };
		4DD914B915A2C4B200845342 /* Icon-72.png */ = {isa = PBXFileReference; lastKnownFileType = image.png; path = "Icon-72.png"; sourceTree = SOURCE_ROOT; };
		4DD914BA15A2C4B200845342 /* Icon.png */ = {isa = PBXFileReference; lastKnownFileType = image.png; path = Icon.png; sourceTree = SOURCE_ROOT; };
		4DD914BB15A2C4B200845342 /* Icon@2x.png */ = {isa = PBXFileReference; lastKnownFileType = image.png; path = "Icon@2x.png"; sourceTree = SOURCE_ROOT; };
		4DD914BC15A2C4B200845342 /* iTunesArtwork.png */ = {isa = PBXFileReference; lastKnownFileType = image.png; path = iTunesArtwork.png; sourceTree = SOURCE_ROOT; };
		4DD914C215A2C4FE00845342 /* Default.png */ = {isa = PBXFileReference; lastKnownFileType = image.png; path = Default.png; sourceTree = "<group>"; };
		4DD914C315A2C4FE00845342 /* Default@2x.png */ = {isa = PBXFileReference; lastKnownFileType = image.png; path = "Default@2x.png"; sourceTree = "<group>"; };
		4DD914C415A2C4FE00845342 /* Default@2x~ipad.png */ = {isa = PBXFileReference; lastKnownFileType = image.png; path = "Default@2x~ipad.png"; sourceTree = "<group>"; };
		4DEA9B7E15A2B64B0099E648 /* TabBarNubViewController.h */ = {isa = PBXFileReference; fileEncoding = 4; lastKnownFileType = sourcecode.c.h; path = TabBarNubViewController.h; sourceTree = "<group>"; };
		4DEA9B7F15A2B64B0099E648 /* TabBarNubViewController.m */ = {isa = PBXFileReference; fileEncoding = 4; lastKnownFileType = sourcecode.c.objc; path = TabBarNubViewController.m; sourceTree = "<group>"; };
		4DEA9B8015A2B64B0099E648 /* TabBarNubViewController~iphone.xib */ = {isa = PBXFileReference; fileEncoding = 4; lastKnownFileType = file.xib; path = "TabBarNubViewController~iphone.xib"; sourceTree = "<group>"; };
		4DEA9B8415A2BD4A0099E648 /* gafta.png */ = {isa = PBXFileReference; lastKnownFileType = image.png; path = gafta.png; sourceTree = "<group>"; };
		4DEA9B8615A2C1890099E648 /* TabBarNubViewController.xib */ = {isa = PBXFileReference; fileEncoding = 4; lastKnownFileType = file.xib; path = TabBarNubViewController.xib; sourceTree = "<group>"; };
		4DF3154315A12C5300A1C304 /* AppDelegate.h */ = {isa = PBXFileReference; fileEncoding = 4; lastKnownFileType = sourcecode.c.h; path = AppDelegate.h; sourceTree = "<group>"; };
		4DF3154415A12C5300A1C304 /* AppDelegate.m */ = {isa = PBXFileReference; fileEncoding = 4; lastKnownFileType = sourcecode.c.objc; path = AppDelegate.m; sourceTree = "<group>"; };
		4DF3154515A12C5300A1C304 /* CircularBuffer.h */ = {isa = PBXFileReference; fileEncoding = 4; lastKnownFileType = sourcecode.c.h; path = CircularBuffer.h; sourceTree = "<group>"; };
		4DF3154615A12C5300A1C304 /* Flare.h */ = {isa = PBXFileReference; fileEncoding = 4; lastKnownFileType = sourcecode.c.h; path = Flare.h; sourceTree = "<group>"; };
		4DF3154715A12C5300A1C304 /* Flare.mm */ = {isa = PBXFileReference; fileEncoding = 4; lastKnownFileType = sourcecode.cpp.objcpp; path = Flare.mm; sourceTree = "<group>"; };
		4DF3154815A12C5300A1C304 /* FlareSound.h */ = {isa = PBXFileReference; fileEncoding = 4; lastKnownFileType = sourcecode.c.h; path = FlareSound.h; sourceTree = "<group>"; };
		4DF3154915A12C5300A1C304 /* FlareSound.mm */ = {isa = PBXFileReference; fileEncoding = 4; lastKnownFileType = sourcecode.cpp.objcpp; path = FlareSound.mm; sourceTree = "<group>"; };
		4DF3154B15A12C5300A1C304 /* AccelerometerHelper.h */ = {isa = PBXFileReference; fileEncoding = 4; lastKnownFileType = sourcecode.c.h; path = AccelerometerHelper.h; sourceTree = "<group>"; };
		4DF3154C15A12C5300A1C304 /* AccelerometerHelper.m */ = {isa = PBXFileReference; fileEncoding = 4; lastKnownFileType = sourcecode.c.objc; path = AccelerometerHelper.m; sourceTree = "<group>"; };
		4DF3154D15A12C5300A1C304 /* MMAudio.h */ = {isa = PBXFileReference; fileEncoding = 4; lastKnownFileType = sourcecode.c.h; path = MMAudio.h; sourceTree = "<group>"; };
		4DF3154E15A12C5300A1C304 /* MMAudio.mm */ = {isa = PBXFileReference; fileEncoding = 4; lastKnownFileType = sourcecode.cpp.objcpp; path = MMAudio.mm; sourceTree = "<group>"; };
		4DF3154F15A12C5300A1C304 /* mtof.h */ = {isa = PBXFileReference; fileEncoding = 4; lastKnownFileType = sourcecode.c.h; path = mtof.h; sourceTree = "<group>"; };
		4DF3155315A12C5300A1C304 /* Geometry.cpp */ = {isa = PBXFileReference; fileEncoding = 4; lastKnownFileType = sourcecode.cpp.cpp; path = Geometry.cpp; sourceTree = "<group>"; };
		4DF3155415A12C5300A1C304 /* Geometry.h */ = {isa = PBXFileReference; fileEncoding = 4; lastKnownFileType = sourcecode.c.h; path = Geometry.h; sourceTree = "<group>"; };
		4DF3155515A12C5300A1C304 /* Texture.h */ = {isa = PBXFileReference; fileEncoding = 4; lastKnownFileType = sourcecode.c.h; path = Texture.h; sourceTree = "<group>"; };
		4DF3155615A12C5300A1C304 /* Texture.mm */ = {isa = PBXFileReference; fileEncoding = 4; lastKnownFileType = sourcecode.cpp.objcpp; path = Texture.mm; sourceTree = "<group>"; };
		4DF3155815A12C5300A1C304 /* mo_audio.h */ = {isa = PBXFileReference; fileEncoding = 4; lastKnownFileType = sourcecode.c.h; path = mo_audio.h; sourceTree = "<group>"; };
		4DF3155915A12C5300A1C304 /* mo_audio.mm */ = {isa = PBXFileReference; fileEncoding = 4; lastKnownFileType = sourcecode.cpp.objcpp; path = mo_audio.mm; sourceTree = "<group>"; };
		4DF3155A15A12C5300A1C304 /* mo_def.h */ = {isa = PBXFileReference; fileEncoding = 4; lastKnownFileType = sourcecode.c.h; path = mo_def.h; sourceTree = "<group>"; };
		4DF3155C15A12C5300A1C304 /* flare.png */ = {isa = PBXFileReference; lastKnownFileType = image.png; path = flare.png; sourceTree = "<group>"; };
		4DF3155F15A12C5300A1C304 /* ADSR.h */ = {isa = PBXFileReference; fileEncoding = 4; lastKnownFileType = sourcecode.c.h; path = ADSR.h; sourceTree = "<group>"; };
		4DF3156015A12C5300A1C304 /* Asymp.h */ = {isa = PBXFileReference; fileEncoding = 4; lastKnownFileType = sourcecode.c.h; path = Asymp.h; sourceTree = "<group>"; };
		4DF3156115A12C5300A1C304 /* BandedWG.h */ = {isa = PBXFileReference; fileEncoding = 4; lastKnownFileType = sourcecode.c.h; path = BandedWG.h; sourceTree = "<group>"; };
		4DF3156215A12C5300A1C304 /* BeeThree.h */ = {isa = PBXFileReference; fileEncoding = 4; lastKnownFileType = sourcecode.c.h; path = BeeThree.h; sourceTree = "<group>"; };
		4DF3156315A12C5300A1C304 /* BiQuad.h */ = {isa = PBXFileReference; fileEncoding = 4; lastKnownFileType = sourcecode.c.h; path = BiQuad.h; sourceTree = "<group>"; };
		4DF3156415A12C5300A1C304 /* Blit.h */ = {isa = PBXFileReference; fileEncoding = 4; lastKnownFileType = sourcecode.c.h; path = Blit.h; sourceTree = "<group>"; };
		4DF3156515A12C5300A1C304 /* BlitSaw.h */ = {isa = PBXFileReference; fileEncoding = 4; lastKnownFileType = sourcecode.c.h; path = BlitSaw.h; sourceTree = "<group>"; };
		4DF3156615A12C5300A1C304 /* BlitSquare.h */ = {isa = PBXFileReference; fileEncoding = 4; lastKnownFileType = sourcecode.c.h; path = BlitSquare.h; sourceTree = "<group>"; };
		4DF3156715A12C5300A1C304 /* BlowBotl.h */ = {isa = PBXFileReference; fileEncoding = 4; lastKnownFileType = sourcecode.c.h; path = BlowBotl.h; sourceTree = "<group>"; };
		4DF3156815A12C5300A1C304 /* BlowHole.h */ = {isa = PBXFileReference; fileEncoding = 4; lastKnownFileType = sourcecode.c.h; path = BlowHole.h; sourceTree = "<group>"; };
		4DF3156915A12C5300A1C304 /* Bowed.h */ = {isa = PBXFileReference; fileEncoding = 4; lastKnownFileType = sourcecode.c.h; path = Bowed.h; sourceTree = "<group>"; };
		4DF3156A15A12C5300A1C304 /* BowTable.h */ = {isa = PBXFileReference; fileEncoding = 4; lastKnownFileType = sourcecode.c.h; path = BowTable.h; sourceTree = "<group>"; };
		4DF3156B15A12C5300A1C304 /* Brass.h */ = {isa = PBXFileReference; fileEncoding = 4; lastKnownFileType = sourcecode.c.h; path = Brass.h; sourceTree = "<group>"; };
		4DF3156C15A12C5300A1C304 /* Chorus.h */ = {isa = PBXFileReference; fileEncoding = 4; lastKnownFileType = sourcecode.c.h; path = Chorus.h; sourceTree = "<group>"; };
		4DF3156D15A12C5300A1C304 /* Clarinet.h */ = {isa = PBXFileReference; fileEncoding = 4; lastKnownFileType = sourcecode.c.h; path = Clarinet.h; sourceTree = "<group>"; };
		4DF3156E15A12C5300A1C304 /* Cubic.h */ = {isa = PBXFileReference; fileEncoding = 4; lastKnownFileType = sourcecode.c.h; path = Cubic.h; sourceTree = "<group>"; };
		4DF3156F15A12C5300A1C304 /* Delay.h */ = {isa = PBXFileReference; fileEncoding = 4; lastKnownFileType = sourcecode.c.h; path = Delay.h; sourceTree = "<group>"; };
		4DF3157015A12C5300A1C304 /* DelayA.h */ = {isa = PBXFileReference; fileEncoding = 4; lastKnownFileType = sourcecode.c.h; path = DelayA.h; sourceTree = "<group>"; };
		4DF3157115A12C5300A1C304 /* DelayL.h */ = {isa = PBXFileReference; fileEncoding = 4; lastKnownFileType = sourcecode.c.h; path = DelayL.h; sourceTree = "<group>"; };
		4DF3157215A12C5300A1C304 /* Drummer.h */ = {isa = PBXFileReference; fileEncoding = 4; lastKnownFileType = sourcecode.c.h; path = Drummer.h; sourceTree = "<group>"; };
		4DF3157315A12C5300A1C304 /* Echo.h */ = {isa = PBXFileReference; fileEncoding = 4; lastKnownFileType = sourcecode.c.h; path = Echo.h; sourceTree = "<group>"; };
		4DF3157415A12C5300A1C304 /* Effect.h */ = {isa = PBXFileReference; fileEncoding = 4; lastKnownFileType = sourcecode.c.h; path = Effect.h; sourceTree = "<group>"; };
		4DF3157515A12C5300A1C304 /* Envelope.h */ = {isa = PBXFileReference; fileEncoding = 4; lastKnownFileType = sourcecode.c.h; path = Envelope.h; sourceTree = "<group>"; };
		4DF3157615A12C5300A1C304 /* FileLoop.h */ = {isa = PBXFileReference; fileEncoding = 4; lastKnownFileType = sourcecode.c.h; path = FileLoop.h; sourceTree = "<group>"; };
		4DF3157715A12C5300A1C304 /* FileRead.h */ = {isa = PBXFileReference; fileEncoding = 4; lastKnownFileType = sourcecode.c.h; path = FileRead.h; sourceTree = "<group>"; };
		4DF3157815A12C5300A1C304 /* FileWrite.h */ = {isa = PBXFileReference; fileEncoding = 4; lastKnownFileType = sourcecode.c.h; path = FileWrite.h; sourceTree = "<group>"; };
		4DF3157915A12C5300A1C304 /* FileWvIn.h */ = {isa = PBXFileReference; fileEncoding = 4; lastKnownFileType = sourcecode.c.h; path = FileWvIn.h; sourceTree = "<group>"; };
		4DF3157A15A12C5300A1C304 /* FileWvOut.h */ = {isa = PBXFileReference; fileEncoding = 4; lastKnownFileType = sourcecode.c.h; path = FileWvOut.h; sourceTree = "<group>"; };
		4DF3157B15A12C5300A1C304 /* Filter.h */ = {isa = PBXFileReference; fileEncoding = 4; lastKnownFileType = sourcecode.c.h; path = Filter.h; sourceTree = "<group>"; };
		4DF3157C15A12C5300A1C304 /* Fir.h */ = {isa = PBXFileReference; fileEncoding = 4; lastKnownFileType = sourcecode.c.h; path = Fir.h; sourceTree = "<group>"; };
		4DF3157D15A12C5300A1C304 /* Flute.h */ = {isa = PBXFileReference; fileEncoding = 4; lastKnownFileType = sourcecode.c.h; path = Flute.h; sourceTree = "<group>"; };
		4DF3157E15A12C5300A1C304 /* FM.h */ = {isa = PBXFileReference; fileEncoding = 4; lastKnownFileType = sourcecode.c.h; path = FM.h; sourceTree = "<group>"; };
		4DF3157F15A12C5300A1C304 /* FMVoices.h */ = {isa = PBXFileReference; fileEncoding = 4; lastKnownFileType = sourcecode.c.h; path = FMVoices.h; sourceTree = "<group>"; };
		4DF3158015A12C5300A1C304 /* FormSwep.h */ = {isa = PBXFileReference; fileEncoding = 4; lastKnownFileType = sourcecode.c.h; path = FormSwep.h; sourceTree = "<group>"; };
		4DF3158115A12C5300A1C304 /* Function.h */ = {isa = PBXFileReference; fileEncoding = 4; lastKnownFileType = sourcecode.c.h; path = Function.h; sourceTree = "<group>"; };
		4DF3158215A12C5300A1C304 /* Generator.h */ = {isa = PBXFileReference; fileEncoding = 4; lastKnownFileType = sourcecode.c.h; path = Generator.h; sourceTree = "<group>"; };
		4DF3158315A12C5300A1C304 /* Granulate.h */ = {isa = PBXFileReference; fileEncoding = 4; lastKnownFileType = sourcecode.c.h; path = Granulate.h; sourceTree = "<group>"; };
		4DF3158415A12C5300A1C304 /* HevyMetl.h */ = {isa = PBXFileReference; fileEncoding = 4; lastKnownFileType = sourcecode.c.h; path = HevyMetl.h; sourceTree = "<group>"; };
		4DF3158515A12C5300A1C304 /* Iir.h */ = {isa = PBXFileReference; fileEncoding = 4; lastKnownFileType = sourcecode.c.h; path = Iir.h; sourceTree = "<group>"; };
		4DF3158615A12C5300A1C304 /* InetWvIn.h */ = {isa = PBXFileReference; fileEncoding = 4; lastKnownFileType = sourcecode.c.h; path = InetWvIn.h; sourceTree = "<group>"; };
		4DF3158715A12C5300A1C304 /* InetWvOut.h */ = {isa = PBXFileReference; fileEncoding = 4; lastKnownFileType = sourcecode.c.h; path = InetWvOut.h; sourceTree = "<group>"; };
		4DF3158815A12C5300A1C304 /* Instrmnt.h */ = {isa = PBXFileReference; fileEncoding = 4; lastKnownFileType = sourcecode.c.h; path = Instrmnt.h; sourceTree = "<group>"; };
		4DF3158915A12C5300A1C304 /* JCRev.h */ = {isa = PBXFileReference; fileEncoding = 4; lastKnownFileType = sourcecode.c.h; path = JCRev.h; sourceTree = "<group>"; };
		4DF3158A15A12C5300A1C304 /* JetTable.h */ = {isa = PBXFileReference; fileEncoding = 4; lastKnownFileType = sourcecode.c.h; path = JetTable.h; sourceTree = "<group>"; };
		4DF3158B15A12C5300A1C304 /* LentPitShift.h */ = {isa = PBXFileReference; fileEncoding = 4; lastKnownFileType = sourcecode.c.h; path = LentPitShift.h; sourceTree = "<group>"; };
		4DF3158C15A12C5300A1C304 /* Mandolin.h */ = {isa = PBXFileReference; fileEncoding = 4; lastKnownFileType = sourcecode.c.h; path = Mandolin.h; sourceTree = "<group>"; };
		4DF3158D15A12C5300A1C304 /* Mesh2D.h */ = {isa = PBXFileReference; fileEncoding = 4; lastKnownFileType = sourcecode.c.h; path = Mesh2D.h; sourceTree = "<group>"; };
		4DF3158E15A12C5300A1C304 /* Messager.h */ = {isa = PBXFileReference; fileEncoding = 4; lastKnownFileType = sourcecode.c.h; path = Messager.h; sourceTree = "<group>"; };
		4DF3158F15A12C5300A1C304 /* MidiFileIn.h */ = {isa = PBXFileReference; fileEncoding = 4; lastKnownFileType = sourcecode.c.h; path = MidiFileIn.h; sourceTree = "<group>"; };
		4DF3159015A12C5300A1C304 /* Modal.h */ = {isa = PBXFileReference; fileEncoding = 4; lastKnownFileType = sourcecode.c.h; path = Modal.h; sourceTree = "<group>"; };
		4DF3159115A12C5300A1C304 /* ModalBar.h */ = {isa = PBXFileReference; fileEncoding = 4; lastKnownFileType = sourcecode.c.h; path = ModalBar.h; sourceTree = "<group>"; };
		4DF3159215A12C5300A1C304 /* Modulate.h */ = {isa = PBXFileReference; fileEncoding = 4; lastKnownFileType = sourcecode.c.h; path = Modulate.h; sourceTree = "<group>"; };
		4DF3159315A12C5300A1C304 /* Moog.h */ = {isa = PBXFileReference; fileEncoding = 4; lastKnownFileType = sourcecode.c.h; path = Moog.h; sourceTree = "<group>"; };
		4DF3159415A12C5300A1C304 /* Mutex.h */ = {isa = PBXFileReference; fileEncoding = 4; lastKnownFileType = sourcecode.c.h; path = Mutex.h; sourceTree = "<group>"; };
		4DF3159515A12C5300A1C304 /* Noise.h */ = {isa = PBXFileReference; fileEncoding = 4; lastKnownFileType = sourcecode.c.h; path = Noise.h; sourceTree = "<group>"; };
		4DF3159615A12C5300A1C304 /* NRev.h */ = {isa = PBXFileReference; fileEncoding = 4; lastKnownFileType = sourcecode.c.h; path = NRev.h; sourceTree = "<group>"; };
		4DF3159715A12C5300A1C304 /* OnePole.h */ = {isa = PBXFileReference; fileEncoding = 4; lastKnownFileType = sourcecode.c.h; path = OnePole.h; sourceTree = "<group>"; };
		4DF3159815A12C5300A1C304 /* OneZero.h */ = {isa = PBXFileReference; fileEncoding = 4; lastKnownFileType = sourcecode.c.h; path = OneZero.h; sourceTree = "<group>"; };
		4DF3159915A12C5300A1C304 /* PercFlut.h */ = {isa = PBXFileReference; fileEncoding = 4; lastKnownFileType = sourcecode.c.h; path = PercFlut.h; sourceTree = "<group>"; };
		4DF3159A15A12C5300A1C304 /* Phonemes.h */ = {isa = PBXFileReference; fileEncoding = 4; lastKnownFileType = sourcecode.c.h; path = Phonemes.h; sourceTree = "<group>"; };
		4DF3159B15A12C5300A1C304 /* PitShift.h */ = {isa = PBXFileReference; fileEncoding = 4; lastKnownFileType = sourcecode.c.h; path = PitShift.h; sourceTree = "<group>"; };
		4DF3159C15A12C5300A1C304 /* Plucked.h */ = {isa = PBXFileReference; fileEncoding = 4; lastKnownFileType = sourcecode.c.h; path = Plucked.h; sourceTree = "<group>"; };
		4DF3159D15A12C5300A1C304 /* PoleZero.h */ = {isa = PBXFileReference; fileEncoding = 4; lastKnownFileType = sourcecode.c.h; path = PoleZero.h; sourceTree = "<group>"; };
		4DF3159E15A12C5300A1C304 /* PRCRev.h */ = {isa = PBXFileReference; fileEncoding = 4; lastKnownFileType = sourcecode.c.h; path = PRCRev.h; sourceTree = "<group>"; };
		4DF3159F15A12C5300A1C304 /* ReedTable.h */ = {isa = PBXFileReference; fileEncoding = 4; lastKnownFileType = sourcecode.c.h; path = ReedTable.h; sourceTree = "<group>"; };
		4DF315A015A12C5300A1C304 /* Resonate.h */ = {isa = PBXFileReference; fileEncoding = 4; lastKnownFileType = sourcecode.c.h; path = Resonate.h; sourceTree = "<group>"; };
		4DF315A115A12C5300A1C304 /* Rhodey.h */ = {isa = PBXFileReference; fileEncoding = 4; lastKnownFileType = sourcecode.c.h; path = Rhodey.h; sourceTree = "<group>"; };
		4DF315A215A12C5300A1C304 /* RtAudio.h */ = {isa = PBXFileReference; fileEncoding = 4; lastKnownFileType = sourcecode.c.h; path = RtAudio.h; sourceTree = "<group>"; };
		4DF315A315A12C5300A1C304 /* RtError.h */ = {isa = PBXFileReference; fileEncoding = 4; lastKnownFileType = sourcecode.c.h; path = RtError.h; sourceTree = "<group>"; };
		4DF315A415A12C5300A1C304 /* RtMidi.h */ = {isa = PBXFileReference; fileEncoding = 4; lastKnownFileType = sourcecode.c.h; path = RtMidi.h; sourceTree = "<group>"; };
		4DF315A515A12C5300A1C304 /* RtWvIn.h */ = {isa = PBXFileReference; fileEncoding = 4; lastKnownFileType = sourcecode.c.h; path = RtWvIn.h; sourceTree = "<group>"; };
		4DF315A615A12C5300A1C304 /* RtWvOut.h */ = {isa = PBXFileReference; fileEncoding = 4; lastKnownFileType = sourcecode.c.h; path = RtWvOut.h; sourceTree = "<group>"; };
		4DF315A715A12C5300A1C304 /* Sampler.h */ = {isa = PBXFileReference; fileEncoding = 4; lastKnownFileType = sourcecode.c.h; path = Sampler.h; sourceTree = "<group>"; };
		4DF315A815A12C5300A1C304 /* Saxofony.h */ = {isa = PBXFileReference; fileEncoding = 4; lastKnownFileType = sourcecode.c.h; path = Saxofony.h; sourceTree = "<group>"; };
		4DF315A915A12C5300A1C304 /* Shakers.h */ = {isa = PBXFileReference; fileEncoding = 4; lastKnownFileType = sourcecode.c.h; path = Shakers.h; sourceTree = "<group>"; };
		4DF315AA15A12C5300A1C304 /* Simple.h */ = {isa = PBXFileReference; fileEncoding = 4; lastKnownFileType = sourcecode.c.h; path = Simple.h; sourceTree = "<group>"; };
		4DF315AB15A12C5300A1C304 /* SineWave.h */ = {isa = PBXFileReference; fileEncoding = 4; lastKnownFileType = sourcecode.c.h; path = SineWave.h; sourceTree = "<group>"; };
		4DF315AC15A12C5300A1C304 /* SingWave.h */ = {isa = PBXFileReference; fileEncoding = 4; lastKnownFileType = sourcecode.c.h; path = SingWave.h; sourceTree = "<group>"; };
		4DF315AD15A12C5300A1C304 /* Sitar.h */ = {isa = PBXFileReference; fileEncoding = 4; lastKnownFileType = sourcecode.c.h; path = Sitar.h; sourceTree = "<group>"; };
		4DF315AE15A12C5300A1C304 /* Skini.h */ = {isa = PBXFileReference; fileEncoding = 4; lastKnownFileType = sourcecode.c.h; path = Skini.h; sourceTree = "<group>"; };
		4DF315AF15A12C5300A1C304 /* SKINI.msg */ = {isa = PBXFileReference; fileEncoding = 4; lastKnownFileType = text; path = SKINI.msg; sourceTree = "<group>"; };
		4DF315B015A12C5300A1C304 /* SKINI.tbl */ = {isa = PBXFileReference; fileEncoding = 4; lastKnownFileType = text; path = SKINI.tbl; sourceTree = "<group>"; };
		4DF315B115A12C5300A1C304 /* Socket.h */ = {isa = PBXFileReference; fileEncoding = 4; lastKnownFileType = sourcecode.c.h; path = Socket.h; sourceTree = "<group>"; };
		4DF315B215A12C5300A1C304 /* Sphere.h */ = {isa = PBXFileReference; fileEncoding = 4; lastKnownFileType = sourcecode.c.h; path = Sphere.h; sourceTree = "<group>"; };
		4DF315B315A12C5300A1C304 /* StifKarp.h */ = {isa = PBXFileReference; fileEncoding = 4; lastKnownFileType = sourcecode.c.h; path = StifKarp.h; sourceTree = "<group>"; };
		4DF315B415A12C5300A1C304 /* Stk.h */ = {isa = PBXFileReference; fileEncoding = 4; lastKnownFileType = sourcecode.c.h; path = Stk.h; sourceTree = "<group>"; };
		4DF315B515A12C5300A1C304 /* TapDelay.h */ = {isa = PBXFileReference; fileEncoding = 4; lastKnownFileType = sourcecode.c.h; path = TapDelay.h; sourceTree = "<group>"; };
		4DF315B615A12C5300A1C304 /* TcpClient.h */ = {isa = PBXFileReference; fileEncoding = 4; lastKnownFileType = sourcecode.c.h; path = TcpClient.h; sourceTree = "<group>"; };
		4DF315B715A12C5300A1C304 /* TcpServer.h */ = {isa = PBXFileReference; fileEncoding = 4; lastKnownFileType = sourcecode.c.h; path = TcpServer.h; sourceTree = "<group>"; };
		4DF315B815A12C5300A1C304 /* Thread.h */ = {isa = PBXFileReference; fileEncoding = 4; lastKnownFileType = sourcecode.c.h; path = Thread.h; sourceTree = "<group>"; };
		4DF315B915A12C5300A1C304 /* TubeBell.h */ = {isa = PBXFileReference; fileEncoding = 4; lastKnownFileType = sourcecode.c.h; path = TubeBell.h; sourceTree = "<group>"; };
		4DF315BA15A12C5300A1C304 /* Twang.h */ = {isa = PBXFileReference; fileEncoding = 4; lastKnownFileType = sourcecode.c.h; path = Twang.h; sourceTree = "<group>"; };
		4DF315BB15A12C5300A1C304 /* TwoPole.h */ = {isa = PBXFileReference; fileEncoding = 4; lastKnownFileType = sourcecode.c.h; path = TwoPole.h; sourceTree = "<group>"; };
		4DF315BC15A12C5300A1C304 /* TwoZero.h */ = {isa = PBXFileReference; fileEncoding = 4; lastKnownFileType = sourcecode.c.h; path = TwoZero.h; sourceTree = "<group>"; };
		4DF315BD15A12C5300A1C304 /* UdpSocket.h */ = {isa = PBXFileReference; fileEncoding = 4; lastKnownFileType = sourcecode.c.h; path = UdpSocket.h; sourceTree = "<group>"; };
		4DF315BE15A12C5300A1C304 /* Vector3D.h */ = {isa = PBXFileReference; fileEncoding = 4; lastKnownFileType = sourcecode.c.h; path = Vector3D.h; sourceTree = "<group>"; };
		4DF315BF15A12C5300A1C304 /* Voicer.h */ = {isa = PBXFileReference; fileEncoding = 4; lastKnownFileType = sourcecode.c.h; path = Voicer.h; sourceTree = "<group>"; };
		4DF315C015A12C5300A1C304 /* VoicForm.h */ = {isa = PBXFileReference; fileEncoding = 4; lastKnownFileType = sourcecode.c.h; path = VoicForm.h; sourceTree = "<group>"; };
		4DF315C115A12C5300A1C304 /* Whistle.h */ = {isa = PBXFileReference; fileEncoding = 4; lastKnownFileType = sourcecode.c.h; path = Whistle.h; sourceTree = "<group>"; };
		4DF315C215A12C5300A1C304 /* Wurley.h */ = {isa = PBXFileReference; fileEncoding = 4; lastKnownFileType = sourcecode.c.h; path = Wurley.h; sourceTree = "<group>"; };
		4DF315C315A12C5300A1C304 /* WvIn.h */ = {isa = PBXFileReference; fileEncoding = 4; lastKnownFileType = sourcecode.c.h; path = WvIn.h; sourceTree = "<group>"; };
		4DF315C415A12C5300A1C304 /* WvOut.h */ = {isa = PBXFileReference; fileEncoding = 4; lastKnownFileType = sourcecode.c.h; path = WvOut.h; sourceTree = "<group>"; };
		4DF315C615A12C5300A1C304 /* libstk.a */ = {isa = PBXFileReference; lastKnownFileType = archive.ar; path = libstk.a; sourceTree = "<group>"; };
		4DF315C815A12C5300A1C304 /* main.m */ = {isa = PBXFileReference; fileEncoding = 4; lastKnownFileType = sourcecode.c.objc; path = main.m; sourceTree = "<group>"; };
		4DF315C915A12C5300A1C304 /* MobileMusic-Info.plist */ = {isa = PBXFileReference; fileEncoding = 4; lastKnownFileType = text.plist.xml; path = "MobileMusic-Info.plist"; sourceTree = "<group>"; };
		4DF315CA15A12C5300A1C304 /* MobileMusic-Prefix.pch */ = {isa = PBXFileReference; fileEncoding = 4; lastKnownFileType = sourcecode.c.h; path = "MobileMusic-Prefix.pch"; sourceTree = "<group>"; };
		4DF315E015A12F8600A1C304 /* LocationHelper.h */ = {isa = PBXFileReference; fileEncoding = 4; lastKnownFileType = sourcecode.c.h; path = LocationHelper.h; sourceTree = "<group>"; };
		4DF315E115A12F8600A1C304 /* LocationHelper.m */ = {isa = PBXFileReference; fileEncoding = 4; lastKnownFileType = sourcecode.c.objc; path = LocationHelper.m; sourceTree = "<group>"; };
		4DF315EC15A12FFD00A1C304 /* CoreLocation.framework */ = {isa = PBXFileReference; lastKnownFileType = wrapper.framework; name = CoreLocation.framework; path = System/Library/Frameworks/CoreLocation.framework; sourceTree = SDKROOT; };
		4DF319C515A20E78003E04F5 /* MobileMusicCoreBridge.h */ = {isa = PBXFileReference; fileEncoding = 4; lastKnownFileType = sourcecode.c.h; path = MobileMusicCoreBridge.h; sourceTree = "<group>"; };
		4DF319C615A20E78003E04F5 /* MobileMusicCoreBridge.mm */ = {isa = PBXFileReference; fileEncoding = 4; lastKnownFileType = sourcecode.cpp.objcpp; path = MobileMusicCoreBridge.mm; sourceTree = "<group>"; };
/* End PBXFileReference section */

/* Begin PBXFrameworksBuildPhase section */
		4D8DAE371592D1C400A6B60C /* Frameworks */ = {
			isa = PBXFrameworksBuildPhase;
			buildActionMask = 2147483647;
			files = (
				4DF315ED15A12FFD00A1C304 /* CoreLocation.framework in Frameworks */,
				09C89BF0159BFFF600C9EFB2 /* AudioToolbox.framework in Frameworks */,
				09C89BF2159BFFF600C9EFB2 /* CoreAudio.framework in Frameworks */,
				4D8DAE3F1592D1C400A6B60C /* UIKit.framework in Frameworks */,
				4D8DAE411592D1C400A6B60C /* Foundation.framework in Frameworks */,
				4D8DAE431592D1C400A6B60C /* CoreGraphics.framework in Frameworks */,
				4DF315EF15A131FC00A1C304 /* libstk.a in Frameworks */,
				4D8DAE451592D1C400A6B60C /* GLKit.framework in Frameworks */,
				4D8DAE471592D1C400A6B60C /* OpenGLES.framework in Frameworks */,
			);
			runOnlyForDeploymentPostprocessing = 0;
		};
/* End PBXFrameworksBuildPhase section */

/* Begin PBXGroup section */
		09C89C15159E754500C9EFB2 /* stk */ = {
			isa = PBXGroup;
			children = (
				09C89C16159E754500C9EFB2 /* include */,
				09C89C7D159E754500C9EFB2 /* lib */,
			);
			name = stk;
			path = MobileMusic/stk;
			sourceTree = "<group>";
		};
		09C89C16159E754500C9EFB2 /* include */ = {
			isa = PBXGroup;
			children = (
				09C89C17159E754500C9EFB2 /* ADSR.h */,
				09C89C18159E754500C9EFB2 /* Asymp.h */,
				09C89C19159E754500C9EFB2 /* BandedWG.h */,
				09C89C1A159E754500C9EFB2 /* BeeThree.h */,
				09C89C1B159E754500C9EFB2 /* BiQuad.h */,
				09C89C1C159E754500C9EFB2 /* Blit.h */,
				09C89C1D159E754500C9EFB2 /* BlitSaw.h */,
				09C89C1E159E754500C9EFB2 /* BlitSquare.h */,
				09C89C1F159E754500C9EFB2 /* BlowBotl.h */,
				09C89C20159E754500C9EFB2 /* BlowHole.h */,
				09C89C21159E754500C9EFB2 /* Bowed.h */,
				09C89C22159E754500C9EFB2 /* BowTable.h */,
				09C89C23159E754500C9EFB2 /* Brass.h */,
				09C89C24159E754500C9EFB2 /* Chorus.h */,
				09C89C25159E754500C9EFB2 /* Clarinet.h */,
				09C89C26159E754500C9EFB2 /* Cubic.h */,
				09C89C27159E754500C9EFB2 /* Delay.h */,
				09C89C28159E754500C9EFB2 /* DelayA.h */,
				09C89C29159E754500C9EFB2 /* DelayL.h */,
				09C89C2A159E754500C9EFB2 /* Drummer.h */,
				09C89C2B159E754500C9EFB2 /* Echo.h */,
				09C89C2C159E754500C9EFB2 /* Effect.h */,
				09C89C2D159E754500C9EFB2 /* Envelope.h */,
				09C89C2E159E754500C9EFB2 /* FileLoop.h */,
				09C89C2F159E754500C9EFB2 /* FileRead.h */,
				09C89C30159E754500C9EFB2 /* FileWrite.h */,
				09C89C31159E754500C9EFB2 /* FileWvIn.h */,
				09C89C32159E754500C9EFB2 /* FileWvOut.h */,
				09C89C33159E754500C9EFB2 /* Filter.h */,
				09C89C34159E754500C9EFB2 /* Fir.h */,
				09C89C35159E754500C9EFB2 /* Flute.h */,
				09C89C36159E754500C9EFB2 /* FM.h */,
				09C89C37159E754500C9EFB2 /* FMVoices.h */,
				09C89C38159E754500C9EFB2 /* FormSwep.h */,
				09C89C39159E754500C9EFB2 /* Function.h */,
				09C89C3A159E754500C9EFB2 /* Generator.h */,
				09C89C3B159E754500C9EFB2 /* Granulate.h */,
				09C89C3C159E754500C9EFB2 /* HevyMetl.h */,
				09C89C3D159E754500C9EFB2 /* Iir.h */,
				09C89C3E159E754500C9EFB2 /* InetWvIn.h */,
				09C89C3F159E754500C9EFB2 /* InetWvOut.h */,
				09C89C40159E754500C9EFB2 /* Instrmnt.h */,
				09C89C41159E754500C9EFB2 /* JCRev.h */,
				09C89C42159E754500C9EFB2 /* JetTable.h */,
				09C89C43159E754500C9EFB2 /* LentPitShift.h */,
				09C89C44159E754500C9EFB2 /* Mandolin.h */,
				09C89C45159E754500C9EFB2 /* Mesh2D.h */,
				09C89C46159E754500C9EFB2 /* Messager.h */,
				09C89C47159E754500C9EFB2 /* MidiFileIn.h */,
				09C89C48159E754500C9EFB2 /* Modal.h */,
				09C89C49159E754500C9EFB2 /* ModalBar.h */,
				09C89C4A159E754500C9EFB2 /* Modulate.h */,
				09C89C4B159E754500C9EFB2 /* Moog.h */,
				09C89C4C159E754500C9EFB2 /* Mutex.h */,
				09C89C4D159E754500C9EFB2 /* Noise.h */,
				09C89C4E159E754500C9EFB2 /* NRev.h */,
				09C89C4F159E754500C9EFB2 /* OnePole.h */,
				09C89C50159E754500C9EFB2 /* OneZero.h */,
				09C89C51159E754500C9EFB2 /* PercFlut.h */,
				09C89C52159E754500C9EFB2 /* Phonemes.h */,
				09C89C53159E754500C9EFB2 /* PitShift.h */,
				09C89C54159E754500C9EFB2 /* Plucked.h */,
				09C89C55159E754500C9EFB2 /* PoleZero.h */,
				09C89C56159E754500C9EFB2 /* PRCRev.h */,
				09C89C57159E754500C9EFB2 /* ReedTable.h */,
				09C89C58159E754500C9EFB2 /* Resonate.h */,
				09C89C59159E754500C9EFB2 /* Rhodey.h */,
				09C89C5A159E754500C9EFB2 /* RtAudio.h */,
				09C89C5B159E754500C9EFB2 /* RtError.h */,
				09C89C5C159E754500C9EFB2 /* RtMidi.h */,
				09C89C5D159E754500C9EFB2 /* RtWvIn.h */,
				09C89C5E159E754500C9EFB2 /* RtWvOut.h */,
				09C89C5F159E754500C9EFB2 /* Sampler.h */,
				09C89C60159E754500C9EFB2 /* Saxofony.h */,
				09C89C61159E754500C9EFB2 /* Shakers.h */,
				09C89C62159E754500C9EFB2 /* Simple.h */,
				09C89C63159E754500C9EFB2 /* SineWave.h */,
				09C89C64159E754500C9EFB2 /* SingWave.h */,
				09C89C65159E754500C9EFB2 /* Sitar.h */,
				09C89C66159E754500C9EFB2 /* Skini.h */,
				09C89C67159E754500C9EFB2 /* SKINI.msg */,
				09C89C68159E754500C9EFB2 /* SKINI.tbl */,
				09C89C69159E754500C9EFB2 /* Socket.h */,
				09C89C6A159E754500C9EFB2 /* Sphere.h */,
				09C89C6B159E754500C9EFB2 /* StifKarp.h */,
				09C89C6C159E754500C9EFB2 /* Stk.h */,
				09C89C6D159E754500C9EFB2 /* TapDelay.h */,
				09C89C6E159E754500C9EFB2 /* TcpClient.h */,
				09C89C6F159E754500C9EFB2 /* TcpServer.h */,
				09C89C70159E754500C9EFB2 /* Thread.h */,
				09C89C71159E754500C9EFB2 /* TubeBell.h */,
				09C89C72159E754500C9EFB2 /* Twang.h */,
				09C89C73159E754500C9EFB2 /* TwoPole.h */,
				09C89C74159E754500C9EFB2 /* TwoZero.h */,
				09C89C75159E754500C9EFB2 /* UdpSocket.h */,
				09C89C76159E754500C9EFB2 /* Vector3D.h */,
				09C89C77159E754500C9EFB2 /* Voicer.h */,
				09C89C78159E754500C9EFB2 /* VoicForm.h */,
				09C89C79159E754500C9EFB2 /* Whistle.h */,
				09C89C7A159E754500C9EFB2 /* Wurley.h */,
				09C89C7B159E754500C9EFB2 /* WvIn.h */,
				09C89C7C159E754500C9EFB2 /* WvOut.h */,
			);
			path = include;
			sourceTree = "<group>";
		};
		09C89C7D159E754500C9EFB2 /* lib */ = {
			isa = PBXGroup;
			children = (
				09C89C7E159E754500C9EFB2 /* libstk.a */,
			);
			path = lib;
			sourceTree = "<group>";
		};
		4D8DAE2F1592D1C400A6B60C = {
			isa = PBXGroup;
			children = (
				4D8DAE481592D1C400A6B60C /* MobileMusic */,
				4D8DAE3D1592D1C400A6B60C /* Frameworks */,
				4D8DAE3B1592D1C400A6B60C /* Products */,
			);
			sourceTree = "<group>";
		};
		4D8DAE3B1592D1C400A6B60C /* Products */ = {
			isa = PBXGroup;
			children = (
				4D8DAE3A1592D1C400A6B60C /* MobileMusic.app */,
			);
			name = Products;
			sourceTree = "<group>";
		};
		4D8DAE3D1592D1C400A6B60C /* Frameworks */ = {
			isa = PBXGroup;
			children = (
				09C89BED159BFFF500C9EFB2 /* AudioToolbox.framework */,
				09C89BEF159BFFF500C9EFB2 /* CoreAudio.framework */,
				4D8DAE421592D1C400A6B60C /* CoreGraphics.framework */,
				4DF315EC15A12FFD00A1C304 /* CoreLocation.framework */,
				4D8DAE401592D1C400A6B60C /* Foundation.framework */,
				4D8DAE441592D1C400A6B60C /* GLKit.framework */,
				4D8DAE461592D1C400A6B60C /* OpenGLES.framework */,
				09C89C15159E754500C9EFB2 /* stk */,
				4D8DAE3E1592D1C400A6B60C /* UIKit.framework */,
			);
			name = Frameworks;
			sourceTree = "<group>";
		};
		4D8DAE481592D1C400A6B60C /* MobileMusic */ = {
			isa = PBXGroup;
			children = (
				4DCA0F3A15A263BD002E9618 /* 3rd party */,
				4DF319C315A20E5E003E04F5 /* core */,
				4DF3154215A12C5300A1C304 /* classes */,
				4DF3155215A12C5300A1C304 /* gfx */,
				4DF3155715A12C5300A1C304 /* momu */,
				4DF3155B15A12C5300A1C304 /* Resources */,
				4DF3155D15A12C5300A1C304 /* stk */,
				4DF315C715A12C5300A1C304 /* supporting files */,
			);
			path = MobileMusic;
			sourceTree = "<group>";
		};
		4DCA0F3A15A263BD002E9618 /* 3rd party */ = {
			isa = PBXGroup;
			children = (
				4DCA0F3B15A263BD002E9618 /* MBRequest */,
			);
			path = "3rd party";
			sourceTree = "<group>";
		};
		4DCA0F3B15A263BD002E9618 /* MBRequest */ = {
			isa = PBXGroup;
			children = (
				4DCA0F5A15A26400002E9618 /* MBCommon */,
				4DCA0F3C15A263BD002E9618 /* MBBaseRequest.h */,
				4DCA0F3D15A263BD002E9618 /* MBBaseRequest.m */,
				4DCA0F3E15A263BD002E9618 /* MBBaseRequestSubclass.h */,
				4DCA0F3F15A263BD002E9618 /* MBHTTPConnectionOperation.h */,
				4DCA0F4015A263BD002E9618 /* MBHTTPConnectionOperation.m */,
				4DCA0F4115A263BD002E9618 /* MBHTTPRequest.h */,
				4DCA0F4215A263BD002E9618 /* MBHTTPRequest.m */,
				4DCA0F4315A263BD002E9618 /* MBImageRequest.h */,
				4DCA0F4415A263BD002E9618 /* MBImageRequest.m */,
				4DCA0F4515A263BD002E9618 /* MBJSONRequest.h */,
				4DCA0F4615A263BD002E9618 /* MBJSONRequest.m */,
				4DCA0F4715A263BD002E9618 /* MBRequest.h */,
				4DCA0F4815A263BD002E9618 /* MBRequestError.h */,
				4DCA0F4915A263BD002E9618 /* MBRequestError.m */,
				4DCA0F4A15A263BD002E9618 /* MBRequestLocalization.h */,
				4DCA0F4B15A263BD002E9618 /* MBRequestLog.h */,
				4DCA0F4C15A263BD002E9618 /* MBURLConnectionOperation.h */,
				4DCA0F4D15A263BD002E9618 /* MBURLConnectionOperation.m */,
				4DCA0F4E15A263BD002E9618 /* MBURLConnectionOperationSubclass.h */,
				4DCA0F7C15A26A2E002E9618 /* MBXMLRequest.h */,
				4DCA0F7D15A26A2E002E9618 /* MBXMLRequest.m */,
			);
			path = MBRequest;
			sourceTree = "<group>";
		};
		4DCA0F5A15A26400002E9618 /* MBCommon */ = {
			isa = PBXGroup;
			children = (
				4DCA0F5B15A26400002E9618 /* Classes */,
			);
			path = MBCommon;
			sourceTree = "<group>";
		};
		4DCA0F5B15A26400002E9618 /* Classes */ = {
			isa = PBXGroup;
			children = (
				4DCA0F5C15A26400002E9618 /* MBCommon.h */,
				4DCA0F5D15A26400002E9618 /* MBError.h */,
				4DCA0F5E15A26400002E9618 /* MBError.m */,
				4DCA0F5F15A26400002E9618 /* MBJSON.h */,
				4DCA0F6015A26400002E9618 /* MBJSON.m */,
				4DCA0F6115A26400002E9618 /* MBLocalization.h */,
				4DCA0F6215A26400002E9618 /* MBNetworkActivityIndicatorManager.h */,
				4DCA0F6315A26400002E9618 /* MBNetworkActivityIndicatorManager.m */,
				4DCA0F6415A26400002E9618 /* NSDictionary+MBCommon.h */,
				4DCA0F6515A26400002E9618 /* NSDictionary+MBCommon.m */,
				4DCA0F6615A26400002E9618 /* NSString+MBCommon.h */,
				4DCA0F6715A26400002E9618 /* NSString+MBCommon.m */,
				4DCA0F6815A26400002E9618 /* NSURL+MBCommon.h */,
				4DCA0F6915A26400002E9618 /* NSURL+MBCommon.m */,
			);
			path = Classes;
			sourceTree = "<group>";
		};
		4DCA0F7815A26901002E9618 /* examples */ = {
			isa = PBXGroup;
			children = (
				4DCA0F7915A26901002E9618 /* NetworkingExample.h */,
				4DCA0F7A15A26901002E9618 /* NetworkingExample.m */,
			);
			path = examples;
			sourceTree = "<group>";
		};
		4DCB849A15A27E91008B1BE8 /* view controllers */ = {
			isa = PBXGroup;
			children = (
				4DCB849B15A27E91008B1BE8 /* GLViewController.h */,
				4DCB849C15A27E91008B1BE8 /* GLViewController.mm */,
				4DCB849D15A27E91008B1BE8 /* GLViewController.xib */,
				4DCB849E15A27E91008B1BE8 /* GLViewController~iphone.xib */,
				4DCB84A215A27EE7008B1BE8 /* AudioControlViewControllerViewController.h */,
				4DCB84A315A27EE7008B1BE8 /* AudioControlViewControllerViewController.m */,
				4DCB84A415A27EE7008B1BE8 /* AudioControlViewControllerViewController.xib */,
				4DCB84A715A27F03008B1BE8 /* AudioControlViewControllerViewController~iphone.xib */,
				4DEA9B7E15A2B64B0099E648 /* TabBarNubViewController.h */,
				4DEA9B7F15A2B64B0099E648 /* TabBarNubViewController.m */,
				4DEA9B8615A2C1890099E648 /* TabBarNubViewController.xib */,
				4DEA9B8015A2B64B0099E648 /* TabBarNubViewController~iphone.xib */,
			);
			path = "view controllers";
			sourceTree = "<group>";
		};
		4DF3154215A12C5300A1C304 /* classes */ = {
			isa = PBXGroup;
			children = (
				4DCA0F7815A26901002E9618 /* examples */,
				4DF3154A15A12C5300A1C304 /* helpers */,
				4DCB849A15A27E91008B1BE8 /* view controllers */,
				4DF3154315A12C5300A1C304 /* AppDelegate.h */,
				4DF3154415A12C5300A1C304 /* AppDelegate.m */,
				4DF3154515A12C5300A1C304 /* CircularBuffer.h */,
				4DF3154615A12C5300A1C304 /* Flare.h */,
				4DF3154715A12C5300A1C304 /* Flare.mm */,
				4DF3154815A12C5300A1C304 /* FlareSound.h */,
				4DF3154915A12C5300A1C304 /* FlareSound.mm */,
				4DF3154D15A12C5300A1C304 /* MMAudio.h */,
				4DF3154E15A12C5300A1C304 /* MMAudio.mm */,
				4DF3154F15A12C5300A1C304 /* mtof.h */,
			);
			path = classes;
			sourceTree = "<group>";
		};
		4DF3154A15A12C5300A1C304 /* helpers */ = {
			isa = PBXGroup;
			children = (
				4DF3154B15A12C5300A1C304 /* AccelerometerHelper.h */,
				4DF3154C15A12C5300A1C304 /* AccelerometerHelper.m */,
				4DF315E015A12F8600A1C304 /* LocationHelper.h */,
				4DF315E115A12F8600A1C304 /* LocationHelper.m */,
			);
			path = helpers;
			sourceTree = "<group>";
		};
		4DF3155215A12C5300A1C304 /* gfx */ = {
			isa = PBXGroup;
			children = (
				09E6E4E415A130A1008EE730 /* HSV.h */,
				4DF3155415A12C5300A1C304 /* Geometry.h */,
				4DF3155315A12C5300A1C304 /* Geometry.cpp */,
				4DF3155515A12C5300A1C304 /* Texture.h */,
				4DF3155615A12C5300A1C304 /* Texture.mm */,
			);
			path = gfx;
			sourceTree = "<group>";
		};
		4DF3155715A12C5300A1C304 /* momu */ = {
			isa = PBXGroup;
			children = (
				4DF3155815A12C5300A1C304 /* mo_audio.h */,
				4DF3155915A12C5300A1C304 /* mo_audio.mm */,
				4DF3155A15A12C5300A1C304 /* mo_def.h */,
			);
			path = momu;
			sourceTree = "<group>";
		};
		4DF3155B15A12C5300A1C304 /* Resources */ = {
			isa = PBXGroup;
			children = (
				4DD914C215A2C4FE00845342 /* Default.png */,
				4DD914C315A2C4FE00845342 /* Default@2x.png */,
				4DD914C415A2C4FE00845342 /* Default@2x~ipad.png */,
				4DF3155C15A12C5300A1C304 /* flare.png */,
				4DEA9B8415A2BD4A0099E648 /* gafta.png */,
				4DD914B915A2C4B200845342 /* Icon-72.png */,
				4DD914BA15A2C4B200845342 /* Icon.png */,
				4DD914BB15A2C4B200845342 /* Icon@2x.png */,
				4DD914BC15A2C4B200845342 /* iTunesArtwork.png */,
			);
			path = Resources;
			sourceTree = "<group>";
		};
		4DF3155D15A12C5300A1C304 /* stk */ = {
			isa = PBXGroup;
			children = (
				4DF3155E15A12C5300A1C304 /* include */,
				4DF315C515A12C5300A1C304 /* lib */,
			);
			path = stk;
			sourceTree = "<group>";
		};
		4DF3155E15A12C5300A1C304 /* include */ = {
			isa = PBXGroup;
			children = (
				4DF3155F15A12C5300A1C304 /* ADSR.h */,
				4DF3156015A12C5300A1C304 /* Asymp.h */,
				4DF3156115A12C5300A1C304 /* BandedWG.h */,
				4DF3156215A12C5300A1C304 /* BeeThree.h */,
				4DF3156315A12C5300A1C304 /* BiQuad.h */,
				4DF3156415A12C5300A1C304 /* Blit.h */,
				4DF3156515A12C5300A1C304 /* BlitSaw.h */,
				4DF3156615A12C5300A1C304 /* BlitSquare.h */,
				4DF3156715A12C5300A1C304 /* BlowBotl.h */,
				4DF3156815A12C5300A1C304 /* BlowHole.h */,
				4DF3156915A12C5300A1C304 /* Bowed.h */,
				4DF3156A15A12C5300A1C304 /* BowTable.h */,
				4DF3156B15A12C5300A1C304 /* Brass.h */,
				4DF3156C15A12C5300A1C304 /* Chorus.h */,
				4DF3156D15A12C5300A1C304 /* Clarinet.h */,
				4DF3156E15A12C5300A1C304 /* Cubic.h */,
				4DF3156F15A12C5300A1C304 /* Delay.h */,
				4DF3157015A12C5300A1C304 /* DelayA.h */,
				4DF3157115A12C5300A1C304 /* DelayL.h */,
				4DF3157215A12C5300A1C304 /* Drummer.h */,
				4DF3157315A12C5300A1C304 /* Echo.h */,
				4DF3157415A12C5300A1C304 /* Effect.h */,
				4DF3157515A12C5300A1C304 /* Envelope.h */,
				4DF3157615A12C5300A1C304 /* FileLoop.h */,
				4DF3157715A12C5300A1C304 /* FileRead.h */,
				4DF3157815A12C5300A1C304 /* FileWrite.h */,
				4DF3157915A12C5300A1C304 /* FileWvIn.h */,
				4DF3157A15A12C5300A1C304 /* FileWvOut.h */,
				4DF3157B15A12C5300A1C304 /* Filter.h */,
				4DF3157C15A12C5300A1C304 /* Fir.h */,
				4DF3157D15A12C5300A1C304 /* Flute.h */,
				4DF3157E15A12C5300A1C304 /* FM.h */,
				4DF3157F15A12C5300A1C304 /* FMVoices.h */,
				4DF3158015A12C5300A1C304 /* FormSwep.h */,
				4DF3158115A12C5300A1C304 /* Function.h */,
				4DF3158215A12C5300A1C304 /* Generator.h */,
				4DF3158315A12C5300A1C304 /* Granulate.h */,
				4DF3158415A12C5300A1C304 /* HevyMetl.h */,
				4DF3158515A12C5300A1C304 /* Iir.h */,
				4DF3158615A12C5300A1C304 /* InetWvIn.h */,
				4DF3158715A12C5300A1C304 /* InetWvOut.h */,
				4DF3158815A12C5300A1C304 /* Instrmnt.h */,
				4DF3158915A12C5300A1C304 /* JCRev.h */,
				4DF3158A15A12C5300A1C304 /* JetTable.h */,
				4DF3158B15A12C5300A1C304 /* LentPitShift.h */,
				4DF3158C15A12C5300A1C304 /* Mandolin.h */,
				4DF3158D15A12C5300A1C304 /* Mesh2D.h */,
				4DF3158E15A12C5300A1C304 /* Messager.h */,
				4DF3158F15A12C5300A1C304 /* MidiFileIn.h */,
				4DF3159015A12C5300A1C304 /* Modal.h */,
				4DF3159115A12C5300A1C304 /* ModalBar.h */,
				4DF3159215A12C5300A1C304 /* Modulate.h */,
				4DF3159315A12C5300A1C304 /* Moog.h */,
				4DF3159415A12C5300A1C304 /* Mutex.h */,
				4DF3159515A12C5300A1C304 /* Noise.h */,
				4DF3159615A12C5300A1C304 /* NRev.h */,
				4DF3159715A12C5300A1C304 /* OnePole.h */,
				4DF3159815A12C5300A1C304 /* OneZero.h */,
				4DF3159915A12C5300A1C304 /* PercFlut.h */,
				4DF3159A15A12C5300A1C304 /* Phonemes.h */,
				4DF3159B15A12C5300A1C304 /* PitShift.h */,
				4DF3159C15A12C5300A1C304 /* Plucked.h */,
				4DF3159D15A12C5300A1C304 /* PoleZero.h */,
				4DF3159E15A12C5300A1C304 /* PRCRev.h */,
				4DF3159F15A12C5300A1C304 /* ReedTable.h */,
				4DF315A015A12C5300A1C304 /* Resonate.h */,
				4DF315A115A12C5300A1C304 /* Rhodey.h */,
				4DF315A215A12C5300A1C304 /* RtAudio.h */,
				4DF315A315A12C5300A1C304 /* RtError.h */,
				4DF315A415A12C5300A1C304 /* RtMidi.h */,
				4DF315A515A12C5300A1C304 /* RtWvIn.h */,
				4DF315A615A12C5300A1C304 /* RtWvOut.h */,
				4DF315A715A12C5300A1C304 /* Sampler.h */,
				4DF315A815A12C5300A1C304 /* Saxofony.h */,
				4DF315A915A12C5300A1C304 /* Shakers.h */,
				4DF315AA15A12C5300A1C304 /* Simple.h */,
				4DF315AB15A12C5300A1C304 /* SineWave.h */,
				4DF315AC15A12C5300A1C304 /* SingWave.h */,
				4DF315AD15A12C5300A1C304 /* Sitar.h */,
				4DF315AE15A12C5300A1C304 /* Skini.h */,
				4DF315AF15A12C5300A1C304 /* SKINI.msg */,
				4DF315B015A12C5300A1C304 /* SKINI.tbl */,
				4DF315B115A12C5300A1C304 /* Socket.h */,
				4DF315B215A12C5300A1C304 /* Sphere.h */,
				4DF315B315A12C5300A1C304 /* StifKarp.h */,
				4DF315B415A12C5300A1C304 /* Stk.h */,
				4DF315B515A12C5300A1C304 /* TapDelay.h */,
				4DF315B615A12C5300A1C304 /* TcpClient.h */,
				4DF315B715A12C5300A1C304 /* TcpServer.h */,
				4DF315B815A12C5300A1C304 /* Thread.h */,
				4DF315B915A12C5300A1C304 /* TubeBell.h */,
				4DF315BA15A12C5300A1C304 /* Twang.h */,
				4DF315BB15A12C5300A1C304 /* TwoPole.h */,
				4DF315BC15A12C5300A1C304 /* TwoZero.h */,
				4DF315BD15A12C5300A1C304 /* UdpSocket.h */,
				4DF315BE15A12C5300A1C304 /* Vector3D.h */,
				4DF315BF15A12C5300A1C304 /* Voicer.h */,
				4DF315C015A12C5300A1C304 /* VoicForm.h */,
				4DF315C115A12C5300A1C304 /* Whistle.h */,
				4DF315C215A12C5300A1C304 /* Wurley.h */,
				4DF315C315A12C5300A1C304 /* WvIn.h */,
				4DF315C415A12C5300A1C304 /* WvOut.h */,
			);
			path = include;
			sourceTree = "<group>";
		};
		4DF315C515A12C5300A1C304 /* lib */ = {
			isa = PBXGroup;
			children = (
				4DF315C615A12C5300A1C304 /* libstk.a */,
			);
			path = lib;
			sourceTree = "<group>";
		};
		4DF315C715A12C5300A1C304 /* supporting files */ = {
			isa = PBXGroup;
			children = (
				4DF315C815A12C5300A1C304 /* main.m */,
				4DF315C915A12C5300A1C304 /* MobileMusic-Info.plist */,
				4DF315CA15A12C5300A1C304 /* MobileMusic-Prefix.pch */,
			);
			path = "supporting files";
			sourceTree = "<group>";
		};
		4DF319C315A20E5E003E04F5 /* core */ = {
			isa = PBXGroup;
			children = (
				4DCB84A915A28081008B1BE8 /* MobileMusicUITouchWindow.h */,
				4DCB84AA15A28081008B1BE8 /* MobileMusicUITouchWindow.m */,
				4DF319C515A20E78003E04F5 /* MobileMusicCoreBridge.h */,
				4DF319C615A20E78003E04F5 /* MobileMusicCoreBridge.mm */,
			);
			path = core;
			sourceTree = "<group>";
		};
/* End PBXGroup section */

/* Begin PBXNativeTarget section */
		4D8DAE391592D1C400A6B60C /* MobileMusic */ = {
			isa = PBXNativeTarget;
			buildConfigurationList = 4D8DAE631592D1C400A6B60C /* Build configuration list for PBXNativeTarget "MobileMusic" */;
			buildPhases = (
				4D8DAE361592D1C400A6B60C /* Sources */,
				4D8DAE371592D1C400A6B60C /* Frameworks */,
				4D8DAE381592D1C400A6B60C /* Resources */,
			);
			buildRules = (
			);
			dependencies = (
			);
			name = MobileMusic;
			productName = MobileMusic;
			productReference = 4D8DAE3A1592D1C400A6B60C /* MobileMusic.app */;
			productType = "com.apple.product-type.application";
		};
/* End PBXNativeTarget section */

/* Begin PBXProject section */
		4D8DAE311592D1C400A6B60C /* Project object */ = {
			isa = PBXProject;
			attributes = {
				LastUpgradeCheck = 0430;
			};
			buildConfigurationList = 4D8DAE341592D1C400A6B60C /* Build configuration list for PBXProject "MobileMusic" */;
			compatibilityVersion = "Xcode 3.2";
			developmentRegion = English;
			hasScannedForEncodings = 0;
			knownRegions = (
				en,
			);
			mainGroup = 4D8DAE2F1592D1C400A6B60C;
			productRefGroup = 4D8DAE3B1592D1C400A6B60C /* Products */;
			projectDirPath = "";
			projectRoot = "";
			targets = (
				4D8DAE391592D1C400A6B60C /* MobileMusic */,
			);
		};
/* End PBXProject section */

/* Begin PBXResourcesBuildPhase section */
		4D8DAE381592D1C400A6B60C /* Resources */ = {
			isa = PBXResourcesBuildPhase;
			buildActionMask = 2147483647;
			files = (
				4DF315D415A12C5300A1C304 /* flare.png in Resources */,
				4DCB84A015A27E91008B1BE8 /* GLViewController.xib in Resources */,
				4DCB84A115A27E91008B1BE8 /* GLViewController~iphone.xib in Resources */,
				4DCB84A615A27EE7008B1BE8 /* AudioControlViewControllerViewController.xib in Resources */,
				4DCB84A815A27F03008B1BE8 /* AudioControlViewControllerViewController~iphone.xib in Resources */,
				4DEA9B8215A2B64B0099E648 /* TabBarNubViewController~iphone.xib in Resources */,
				4DEA9B8515A2BD4A0099E648 /* gafta.png in Resources */,
				4DEA9B8715A2C1890099E648 /* TabBarNubViewController.xib in Resources */,
				4DD914BD15A2C4B200845342 /* Icon-72.png in Resources */,
				4DD914BE15A2C4B200845342 /* Icon.png in Resources */,
				4DD914BF15A2C4B200845342 /* Icon@2x.png in Resources */,
				4DD914C015A2C4B200845342 /* iTunesArtwork.png in Resources */,
				4DD914C515A2C4FE00845342 /* Default.png in Resources */,
				4DD914C615A2C4FE00845342 /* Default@2x.png in Resources */,
				4DD914C715A2C4FE00845342 /* Default@2x~ipad.png in Resources */,
			);
			runOnlyForDeploymentPostprocessing = 0;
		};
/* End PBXResourcesBuildPhase section */

/* Begin PBXSourcesBuildPhase section */
		4D8DAE361592D1C400A6B60C /* Sources */ = {
			isa = PBXSourcesBuildPhase;
			buildActionMask = 2147483647;
			files = (
				4DF315CB15A12C5300A1C304 /* AppDelegate.m in Sources */,
				4DF315CC15A12C5300A1C304 /* Flare.mm in Sources */,
				4DF315CD15A12C5300A1C304 /* FlareSound.mm in Sources */,
				4DF315CE15A12C5300A1C304 /* AccelerometerHelper.m in Sources */,
				4DF315CF15A12C5300A1C304 /* MMAudio.mm in Sources */,
				4DF315D115A12C5300A1C304 /* Geometry.cpp in Sources */,
				4DF315D215A12C5300A1C304 /* Texture.mm in Sources */,
				4DF315D315A12C5300A1C304 /* mo_audio.mm in Sources */,
				4DF315D815A12C5300A1C304 /* main.m in Sources */,
				4DF315E215A12F8600A1C304 /* LocationHelper.m in Sources */,
				4DF319C715A20E78003E04F5 /* MobileMusicCoreBridge.mm in Sources */,
				4DCA0F5115A263BD002E9618 /* MBBaseRequest.m in Sources */,
				4DCA0F5215A263BD002E9618 /* MBHTTPConnectionOperation.m in Sources */,
				4DCA0F5315A263BD002E9618 /* MBHTTPRequest.m in Sources */,
				4DCA0F5415A263BD002E9618 /* MBImageRequest.m in Sources */,
				4DCA0F5515A263BD002E9618 /* MBJSONRequest.m in Sources */,
				4DCA0F5615A263BD002E9618 /* MBRequestError.m in Sources */,
				4DCA0F5715A263BD002E9618 /* MBURLConnectionOperation.m in Sources */,
				4DCA0F6C15A26400002E9618 /* MBError.m in Sources */,
				4DCA0F6D15A26400002E9618 /* MBJSON.m in Sources */,
				4DCA0F6E15A26400002E9618 /* MBNetworkActivityIndicatorManager.m in Sources */,
				4DCA0F6F15A26400002E9618 /* NSDictionary+MBCommon.m in Sources */,
				4DCA0F7015A26400002E9618 /* NSString+MBCommon.m in Sources */,
				4DCA0F7115A26400002E9618 /* NSURL+MBCommon.m in Sources */,
				4DCA0F7B15A26901002E9618 /* NetworkingExample.m in Sources */,
				4DCA0F7E15A26A2E002E9618 /* MBXMLRequest.m in Sources */,
				4DCB849F15A27E91008B1BE8 /* GLViewController.mm in Sources */,
				4DCB84A515A27EE7008B1BE8 /* AudioControlViewControllerViewController.m in Sources */,
				4DCB84AB15A28081008B1BE8 /* MobileMusicUITouchWindow.m in Sources */,
				4DEA9B8115A2B64B0099E648 /* TabBarNubViewController.m in Sources */,
			);
			runOnlyForDeploymentPostprocessing = 0;
		};
/* End PBXSourcesBuildPhase section */

/* Begin XCBuildConfiguration section */
		4D8DAE611592D1C400A6B60C /* Debug */ = {
			isa = XCBuildConfiguration;
			buildSettings = {
				ALWAYS_SEARCH_USER_PATHS = NO;
				ARCHS = "$(ARCHS_STANDARD_32_BIT)";
				CLANG_ENABLE_OBJC_ARC = YES;
				"CODE_SIGN_IDENTITY[sdk=iphoneos*]" = "iPhone Developer";
				COPY_PHASE_STRIP = NO;
				GCC_C_LANGUAGE_STANDARD = gnu99;
				GCC_DYNAMIC_NO_PIC = NO;
				GCC_OPTIMIZATION_LEVEL = 0;
				GCC_PREPROCESSOR_DEFINITIONS = (
					"DEBUG=1",
					"$(inherited)",
				);
				GCC_SYMBOLS_PRIVATE_EXTERN = NO;
				GCC_VERSION = com.apple.compilers.llvm.clang.1_0;
				GCC_WARN_ABOUT_RETURN_TYPE = YES;
				GCC_WARN_UNINITIALIZED_AUTOS = YES;
				GCC_WARN_UNUSED_VARIABLE = YES;
				IPHONEOS_DEPLOYMENT_TARGET = 5.1;
				SDKROOT = iphoneos;
				TARGETED_DEVICE_FAMILY = "1,2";
			};
			name = Debug;
		};
		4D8DAE621592D1C400A6B60C /* Release */ = {
			isa = XCBuildConfiguration;
			buildSettings = {
				ALWAYS_SEARCH_USER_PATHS = NO;
				ARCHS = "$(ARCHS_STANDARD_32_BIT)";
				CLANG_ENABLE_OBJC_ARC = YES;
				"CODE_SIGN_IDENTITY[sdk=iphoneos*]" = "iPhone Developer";
				COPY_PHASE_STRIP = YES;
				GCC_C_LANGUAGE_STANDARD = gnu99;
				GCC_VERSION = com.apple.compilers.llvm.clang.1_0;
				GCC_WARN_ABOUT_RETURN_TYPE = YES;
				GCC_WARN_UNINITIALIZED_AUTOS = YES;
				GCC_WARN_UNUSED_VARIABLE = YES;
				IPHONEOS_DEPLOYMENT_TARGET = 5.1;
				OTHER_CFLAGS = "-DNS_BLOCK_ASSERTIONS=1";
				SDKROOT = iphoneos;
				TARGETED_DEVICE_FAMILY = "1,2";
				VALIDATE_PRODUCT = YES;
			};
			name = Release;
		};
		4D8DAE641592D1C400A6B60C /* Debug */ = {
			isa = XCBuildConfiguration;
			buildSettings = {
				CODE_SIGN_IDENTITY = "iPhone Developer";
				"CODE_SIGN_IDENTITY[sdk=iphoneos*]" = "iPhone Developer";
				GCC_PRECOMPILE_PREFIX_HEADER = YES;
				GCC_PREFIX_HEADER = "MobileMusic/supporting files/MobileMusic-Prefix.pch";
				"GCC_THUMB_SUPPORT[arch=armv6]" = "";
				INFOPLIST_FILE = "MobileMusic/supporting files/MobileMusic-Info.plist";
				LIBRARY_SEARCH_PATHS = (
					"$(inherited)",
					"\"$(SRCROOT)/MobileMusic/stk/lib\"",
				);
				PRODUCT_NAME = "$(TARGET_NAME)";
				PROVISIONING_PROFILE = "";
				"PROVISIONING_PROFILE[sdk=iphoneos*]" = "";
				WRAPPER_EXTENSION = app;
			};
			name = Debug;
		};
		4D8DAE651592D1C400A6B60C /* Release */ = {
			isa = XCBuildConfiguration;
			buildSettings = {
				CODE_SIGN_IDENTITY = "iPhone Developer";
				"CODE_SIGN_IDENTITY[sdk=iphoneos*]" = "iPhone Developer";
				GCC_PRECOMPILE_PREFIX_HEADER = YES;
				GCC_PREFIX_HEADER = "MobileMusic/supporting files/MobileMusic-Prefix.pch";
				"GCC_THUMB_SUPPORT[arch=armv6]" = "";
				INFOPLIST_FILE = "MobileMusic/supporting files/MobileMusic-Info.plist";
				LIBRARY_SEARCH_PATHS = (
					"$(inherited)",
					"\"$(SRCROOT)/MobileMusic/stk/lib\"",
				);
				PRODUCT_NAME = "$(TARGET_NAME)";
				PROVISIONING_PROFILE = "";
				"PROVISIONING_PROFILE[sdk=iphoneos*]" = "";
				WRAPPER_EXTENSION = app;
			};
			name = Release;
		};
/* End XCBuildConfiguration section */

/* Begin XCConfigurationList section */
		4D8DAE341592D1C400A6B60C /* Build configuration list for PBXProject "MobileMusic" */ = {
			isa = XCConfigurationList;
			buildConfigurations = (
				4D8DAE611592D1C400A6B60C /* Debug */,
				4D8DAE621592D1C400A6B60C /* Release */,
			);
			defaultConfigurationIsVisible = 0;
			defaultConfigurationName = Release;
		};
		4D8DAE631592D1C400A6B60C /* Build configuration list for PBXNativeTarget "MobileMusic" */ = {
			isa = XCConfigurationList;
			buildConfigurations = (
				4D8DAE641592D1C400A6B60C /* Debug */,
				4D8DAE651592D1C400A6B60C /* Release */,
			);
			defaultConfigurationIsVisible = 0;
			defaultConfigurationName = Release;
		};
/* End XCConfigurationList section */
	};
	rootObject = 4D8DAE311592D1C400A6B60C /* Project object */;
}
